// !$*UTF8*$!
{
	archiveVersion = 1;
	classes = {
	};
	objectVersion = 46;
	objects = {

/* Begin PBXBuildFile section */
		FB14C473154F2090009F24BD /* NSTimer+DBKit.h in Headers */ = {isa = PBXBuildFile; fileRef = FB14C471154F2090009F24BD /* NSTimer+DBKit.h */; settings = {ATTRIBUTES = (Public, ); }; };
		FB2642EA151C3FEF0083AFA4 /* DBKit.h in Headers */ = {isa = PBXBuildFile; fileRef = FBCDE2C3151BD9AC00AA67E3 /* DBKit.h */; settings = {ATTRIBUTES = (Public, ); }; };
		FB26441E151C59530083AFA4 /* QuartzCore.framework in Frameworks */ = {isa = PBXBuildFile; fileRef = FB26441D151C59530083AFA4 /* QuartzCore.framework */; };
		FB26442C151C5E2C0083AFA4 /* DBDecimalTextField.h in Headers */ = {isa = PBXBuildFile; fileRef = FB264428151C5E2C0083AFA4 /* DBDecimalTextField.h */; settings = {ATTRIBUTES = (Public, ); }; };
		FB26442D151C5E2C0083AFA4 /* DBDecimalTextField.m in Sources */ = {isa = PBXBuildFile; fileRef = FB264429151C5E2C0083AFA4 /* DBDecimalTextField.m */; };
		FB26442E151C5E2C0083AFA4 /* DBMonetaryTextField.h in Headers */ = {isa = PBXBuildFile; fileRef = FB26442A151C5E2C0083AFA4 /* DBMonetaryTextField.h */; settings = {ATTRIBUTES = (Public, ); }; };
		FB26442F151C5E2C0083AFA4 /* DBMonetaryTextField.m in Sources */ = {isa = PBXBuildFile; fileRef = FB26442B151C5E2C0083AFA4 /* DBMonetaryTextField.m */; };
		FB264446151C5EE00083AFA4 /* DBNumberPadInputView.h in Headers */ = {isa = PBXBuildFile; fileRef = FB264430151C5E620083AFA4 /* DBNumberPadInputView.h */; settings = {ATTRIBUTES = (Public, ); }; };
		FB264447151C5EE70083AFA4 /* DBNumberPadInputView.m in Sources */ = {isa = PBXBuildFile; fileRef = FB264431151C5E620083AFA4 /* DBNumberPadInputView.m */; };
		FB26444F151C5F4E0083AFA4 /* DBNumberFormatting.h in Headers */ = {isa = PBXBuildFile; fileRef = FB26444D151C5F4E0083AFA4 /* DBNumberFormatting.h */; settings = {ATTRIBUTES = (Public, ); }; };
		FB264450151C5F4E0083AFA4 /* DBNumberFormatting.m in Sources */ = {isa = PBXBuildFile; fileRef = FB26444E151C5F4E0083AFA4 /* DBNumberFormatting.m */; };
		FB26447C151C62C80083AFA4 /* DBPercentDecimalTextField.h in Headers */ = {isa = PBXBuildFile; fileRef = FB26447A151C62C80083AFA4 /* DBPercentDecimalTextField.h */; settings = {ATTRIBUTES = (Public, ); }; };
		FB26447D151C62C80083AFA4 /* DBPercentDecimalTextField.m in Sources */ = {isa = PBXBuildFile; fileRef = FB26447B151C62C80083AFA4 /* DBPercentDecimalTextField.m */; };
		FB34B6A0154F3DD500E7AE65 /* UIFont+DBKit.h in Headers */ = {isa = PBXBuildFile; fileRef = FB34B69E154F3DD500E7AE65 /* UIFont+DBKit.h */; settings = {ATTRIBUTES = (Public, ); }; };
		FBA47B8515E1A14B00C6FB3C /* NSString+DBKit.h in Headers */ = {isa = PBXBuildFile; fileRef = FBA47B8115E1A14B00C6FB3C /* NSString+DBKit.h */; };
		FBA47B8615E1A14B00C6FB3C /* NSString+DBKit.m in Sources */ = {isa = PBXBuildFile; fileRef = FBA47B8215E1A14B00C6FB3C /* NSString+DBKit.m */; };
		FBA47B8715E1A14B00C6FB3C /* NSURL+DBKit.h in Headers */ = {isa = PBXBuildFile; fileRef = FBA47B8315E1A14B00C6FB3C /* NSURL+DBKit.h */; };
		FBA47B8815E1A14B00C6FB3C /* NSURL+DBKit.m in Sources */ = {isa = PBXBuildFile; fileRef = FBA47B8415E1A14B00C6FB3C /* NSURL+DBKit.m */; };
		FBA82D88151BE3CD006E1554 /* UIKit.framework in Frameworks */ = {isa = PBXBuildFile; fileRef = FBA82D87151BE3CD006E1554 /* UIKit.framework */; };
		FBAA6E4915E86FF200C27883 /* CoreFoundation.framework in Frameworks */ = {isa = PBXBuildFile; fileRef = FBAA6E4815E86FF200C27883 /* CoreFoundation.framework */; };
		FBAA6F1715E877EC00C27883 /* backspaceButton.png in Resources */ = {isa = PBXBuildFile; fileRef = FBAA6F0E15E877EC00C27883 /* backspaceButton.png */; };
		FBAA6F1815E877EC00C27883 /* backspaceButton@2x.png in Resources */ = {isa = PBXBuildFile; fileRef = FBAA6F0F15E877EC00C27883 /* backspaceButton@2x.png */; };
		FBAA6F1915E877EC00C27883 /* backspaceButtonSelected.png in Resources */ = {isa = PBXBuildFile; fileRef = FBAA6F1015E877EC00C27883 /* backspaceButtonSelected.png */; };
		FBAA6F1A15E877EC00C27883 /* backspaceButtonSelected@2x.png in Resources */ = {isa = PBXBuildFile; fileRef = FBAA6F1115E877EC00C27883 /* backspaceButtonSelected@2x.png */; };
		FBAA6F1B15E877EC00C27883 /* DBNumberPadInputView.xib in Resources */ = {isa = PBXBuildFile; fileRef = FBAA6F1215E877EC00C27883 /* DBNumberPadInputView.xib */; };
		FBAA6F1C15E877EC00C27883 /* numberPadBackdrop.png in Resources */ = {isa = PBXBuildFile; fileRef = FBAA6F1315E877EC00C27883 /* numberPadBackdrop.png */; };
		FBAA6F1D15E877EC00C27883 /* numberPadBackdrop@2x.png in Resources */ = {isa = PBXBuildFile; fileRef = FBAA6F1415E877EC00C27883 /* numberPadBackdrop@2x.png */; };
		FBAA6F1E15E877EC00C27883 /* plainButton.png in Resources */ = {isa = PBXBuildFile; fileRef = FBAA6F1515E877EC00C27883 /* plainButton.png */; };
		FBAA6F1F15E877EC00C27883 /* plainButton@2x.png in Resources */ = {isa = PBXBuildFile; fileRef = FBAA6F1615E877EC00C27883 /* plainButton@2x.png */; };
		FBAA6F3C15EB0AAF00C27883 /* UITableView+DBKit.h in Headers */ = {isa = PBXBuildFile; fileRef = FBAA6F3A15EB0AAF00C27883 /* UITableView+DBKit.h */; };
		FBAA6F3D15EB0AAF00C27883 /* UITableView+DBKit.m in Sources */ = {isa = PBXBuildFile; fileRef = FBAA6F3B15EB0AAF00C27883 /* UITableView+DBKit.m */; };
		FBAA6F4015EB0F9A00C27883 /* UIFont+DBKit.m in Sources */ = {isa = PBXBuildFile; fileRef = FBAA6F3F15EB0F9A00C27883 /* UIFont+DBKit.m */; };
		FBAA6F4215EB103B00C27883 /* NSTimer+DBKit.m in Sources */ = {isa = PBXBuildFile; fileRef = FBAA6F4115EB103B00C27883 /* NSTimer+DBKit.m */; };
		FBCA25B215E5CF6F0049E0A6 /* DBTextField.h in Headers */ = {isa = PBXBuildFile; fileRef = FBCA25B015E5CF6F0049E0A6 /* DBTextField.h */; settings = {ATTRIBUTES = (Public, ); }; };
		FBCA25B315E5CF6F0049E0A6 /* DBTextField.m in Sources */ = {isa = PBXBuildFile; fileRef = FBCA25B115E5CF6F0049E0A6 /* DBTextField.m */; };
		FBCDE2BF151BD9AC00AA67E3 /* Foundation.framework in Frameworks */ = {isa = PBXBuildFile; fileRef = FBCDE2BE151BD9AC00AA67E3 /* Foundation.framework */; };
		FBCDE2F4151BDED900AA67E3 /* DBMacros.h in Headers */ = {isa = PBXBuildFile; fileRef = FBCDE2E7151BDED900AA67E3 /* DBMacros.h */; settings = {ATTRIBUTES = (Public, ); }; };
		FBCDE2F5151BDED900AA67E3 /* DBNibTableViewCell.h in Headers */ = {isa = PBXBuildFile; fileRef = FBCDE2E8151BDED900AA67E3 /* DBNibTableViewCell.h */; settings = {ATTRIBUTES = (Public, ); }; };
		FBCDE2F6151BDED900AA67E3 /* DBNibTableViewCell.m in Sources */ = {isa = PBXBuildFile; fileRef = FBCDE2E9151BDED900AA67E3 /* DBNibTableViewCell.m */; };
		FBCDE2F7151BDED900AA67E3 /* DBTableViewCell.h in Headers */ = {isa = PBXBuildFile; fileRef = FBCDE2EA151BDED900AA67E3 /* DBTableViewCell.h */; settings = {ATTRIBUTES = (Public, ); }; };
		FBCDE2F8151BDED900AA67E3 /* DBTableViewCell.m in Sources */ = {isa = PBXBuildFile; fileRef = FBCDE2EB151BDED900AA67E3 /* DBTableViewCell.m */; };
		FBCDE2F9151BDED900AA67E3 /* UIView+DBKit.h in Headers */ = {isa = PBXBuildFile; fileRef = FBCDE2EC151BDED900AA67E3 /* UIView+DBKit.h */; settings = {ATTRIBUTES = (Public, ); }; };
		FBCDE2FA151BDED900AA67E3 /* UIView+DBKit.m in Sources */ = {isa = PBXBuildFile; fileRef = FBCDE2ED151BDED900AA67E3 /* UIView+DBKit.m */; };
		FBCDE306151BE11B00AA67E3 /* DBCategories.h in Headers */ = {isa = PBXBuildFile; fileRef = FBCDE305151BE11B00AA67E3 /* DBCategories.h */; settings = {ATTRIBUTES = (Public, ); }; };
/* End PBXBuildFile section */

/* Begin PBXFileReference section */
		FB14C471154F2090009F24BD /* NSTimer+DBKit.h */ = {isa = PBXFileReference; fileEncoding = 4; lastKnownFileType = sourcecode.c.h; path = "NSTimer+DBKit.h"; sourceTree = "<group>"; };
		FB26441D151C59530083AFA4 /* QuartzCore.framework */ = {isa = PBXFileReference; lastKnownFileType = wrapper.framework; name = QuartzCore.framework; path = System/Library/Frameworks/QuartzCore.framework; sourceTree = SDKROOT; };
		FB264428151C5E2C0083AFA4 /* DBDecimalTextField.h */ = {isa = PBXFileReference; fileEncoding = 4; lastKnownFileType = sourcecode.c.h; path = DBDecimalTextField.h; sourceTree = "<group>"; };
		FB264429151C5E2C0083AFA4 /* DBDecimalTextField.m */ = {isa = PBXFileReference; fileEncoding = 4; lastKnownFileType = sourcecode.c.objc; path = DBDecimalTextField.m; sourceTree = "<group>"; };
		FB26442A151C5E2C0083AFA4 /* DBMonetaryTextField.h */ = {isa = PBXFileReference; fileEncoding = 4; lastKnownFileType = sourcecode.c.h; path = DBMonetaryTextField.h; sourceTree = "<group>"; };
		FB26442B151C5E2C0083AFA4 /* DBMonetaryTextField.m */ = {isa = PBXFileReference; fileEncoding = 4; lastKnownFileType = sourcecode.c.objc; path = DBMonetaryTextField.m; sourceTree = "<group>"; };
		FB264430151C5E620083AFA4 /* DBNumberPadInputView.h */ = {isa = PBXFileReference; fileEncoding = 4; lastKnownFileType = sourcecode.c.h; path = DBNumberPadInputView.h; sourceTree = "<group>"; };
		FB264431151C5E620083AFA4 /* DBNumberPadInputView.m */ = {isa = PBXFileReference; fileEncoding = 4; lastKnownFileType = sourcecode.c.objc; path = DBNumberPadInputView.m; sourceTree = "<group>"; };
		FB26444D151C5F4E0083AFA4 /* DBNumberFormatting.h */ = {isa = PBXFileReference; fileEncoding = 4; lastKnownFileType = sourcecode.c.h; path = DBNumberFormatting.h; sourceTree = "<group>"; };
		FB26444E151C5F4E0083AFA4 /* DBNumberFormatting.m */ = {isa = PBXFileReference; fileEncoding = 4; lastKnownFileType = sourcecode.c.objc; path = DBNumberFormatting.m; sourceTree = "<group>"; };
		FB26447A151C62C80083AFA4 /* DBPercentDecimalTextField.h */ = {isa = PBXFileReference; fileEncoding = 4; lastKnownFileType = sourcecode.c.h; path = DBPercentDecimalTextField.h; sourceTree = "<group>"; };
		FB26447B151C62C80083AFA4 /* DBPercentDecimalTextField.m */ = {isa = PBXFileReference; fileEncoding = 4; lastKnownFileType = sourcecode.c.objc; path = DBPercentDecimalTextField.m; sourceTree = "<group>"; };
		FB34B69E154F3DD500E7AE65 /* UIFont+DBKit.h */ = {isa = PBXFileReference; fileEncoding = 4; lastKnownFileType = sourcecode.c.h; path = "UIFont+DBKit.h"; sourceTree = "<group>"; };
		FBA47B8115E1A14B00C6FB3C /* NSString+DBKit.h */ = {isa = PBXFileReference; fileEncoding = 4; lastKnownFileType = sourcecode.c.h; path = "NSString+DBKit.h"; sourceTree = "<group>"; };
		FBA47B8215E1A14B00C6FB3C /* NSString+DBKit.m */ = {isa = PBXFileReference; fileEncoding = 4; lastKnownFileType = sourcecode.c.objc; path = "NSString+DBKit.m"; sourceTree = "<group>"; };
		FBA47B8315E1A14B00C6FB3C /* NSURL+DBKit.h */ = {isa = PBXFileReference; fileEncoding = 4; lastKnownFileType = sourcecode.c.h; path = "NSURL+DBKit.h"; sourceTree = "<group>"; };
		FBA47B8415E1A14B00C6FB3C /* NSURL+DBKit.m */ = {isa = PBXFileReference; fileEncoding = 4; lastKnownFileType = sourcecode.c.objc; path = "NSURL+DBKit.m"; sourceTree = "<group>"; };
		FBA82D87151BE3CD006E1554 /* UIKit.framework */ = {isa = PBXFileReference; lastKnownFileType = wrapper.framework; name = UIKit.framework; path = System/Library/Frameworks/UIKit.framework; sourceTree = SDKROOT; };
		FBAA6E4715E86FF200C27883 /* DBKitResources.bundle */ = {isa = PBXFileReference; explicitFileType = wrapper.cfbundle; includeInIndex = 0; path = DBKitResources.bundle; sourceTree = BUILT_PRODUCTS_DIR; };
		FBAA6E4815E86FF200C27883 /* CoreFoundation.framework */ = {isa = PBXFileReference; lastKnownFileType = wrapper.framework; name = CoreFoundation.framework; path = System/Library/Frameworks/CoreFoundation.framework; sourceTree = SDKROOT; };
		FBAA6E4C15E86FF200C27883 /* DBKitResources-Info.plist */ = {isa = PBXFileReference; lastKnownFileType = text.plist.xml; path = "DBKitResources-Info.plist"; sourceTree = "<group>"; };
		FBAA6E4E15E86FF200C27883 /* en */ = {isa = PBXFileReference; lastKnownFileType = text.plist.strings; name = en; path = en.lproj/InfoPlist.strings; sourceTree = "<group>"; };
		FBAA6E5015E86FF200C27883 /* DBKitResources-Prefix.pch */ = {isa = PBXFileReference; lastKnownFileType = sourcecode.c.h; path = "DBKitResources-Prefix.pch"; sourceTree = "<group>"; };
		FBAA6F0E15E877EC00C27883 /* backspaceButton.png */ = {isa = PBXFileReference; lastKnownFileType = image.png; name = backspaceButton.png; path = DBKitResources/NumPad/backspaceButton.png; sourceTree = SOURCE_ROOT; };
		FBAA6F0F15E877EC00C27883 /* backspaceButton@2x.png */ = {isa = PBXFileReference; lastKnownFileType = image.png; name = "backspaceButton@2x.png"; path = "DBKitResources/NumPad/backspaceButton@2x.png"; sourceTree = SOURCE_ROOT; };
		FBAA6F1015E877EC00C27883 /* backspaceButtonSelected.png */ = {isa = PBXFileReference; lastKnownFileType = image.png; name = backspaceButtonSelected.png; path = DBKitResources/NumPad/backspaceButtonSelected.png; sourceTree = SOURCE_ROOT; };
		FBAA6F1115E877EC00C27883 /* backspaceButtonSelected@2x.png */ = {isa = PBXFileReference; lastKnownFileType = image.png; name = "backspaceButtonSelected@2x.png"; path = "DBKitResources/NumPad/backspaceButtonSelected@2x.png"; sourceTree = SOURCE_ROOT; };
		FBAA6F1215E877EC00C27883 /* DBNumberPadInputView.xib */ = {isa = PBXFileReference; fileEncoding = 4; lastKnownFileType = file.xib; name = DBNumberPadInputView.xib; path = DBKitResources/NumPad/DBNumberPadInputView.xib; sourceTree = SOURCE_ROOT; };
		FBAA6F1315E877EC00C27883 /* numberPadBackdrop.png */ = {isa = PBXFileReference; lastKnownFileType = image.png; name = numberPadBackdrop.png; path = DBKitResources/NumPad/numberPadBackdrop.png; sourceTree = SOURCE_ROOT; };
		FBAA6F1415E877EC00C27883 /* numberPadBackdrop@2x.png */ = {isa = PBXFileReference; lastKnownFileType = image.png; name = "numberPadBackdrop@2x.png"; path = "DBKitResources/NumPad/numberPadBackdrop@2x.png"; sourceTree = SOURCE_ROOT; };
		FBAA6F1515E877EC00C27883 /* plainButton.png */ = {isa = PBXFileReference; lastKnownFileType = image.png; name = plainButton.png; path = DBKitResources/NumPad/plainButton.png; sourceTree = SOURCE_ROOT; };
		FBAA6F1615E877EC00C27883 /* plainButton@2x.png */ = {isa = PBXFileReference; lastKnownFileType = image.png; name = "plainButton@2x.png"; path = "DBKitResources/NumPad/plainButton@2x.png"; sourceTree = SOURCE_ROOT; };
		FBAA6F3A15EB0AAF00C27883 /* UITableView+DBKit.h */ = {isa = PBXFileReference; fileEncoding = 4; lastKnownFileType = sourcecode.c.h; path = "UITableView+DBKit.h"; sourceTree = "<group>"; };
		FBAA6F3B15EB0AAF00C27883 /* UITableView+DBKit.m */ = {isa = PBXFileReference; fileEncoding = 4; lastKnownFileType = sourcecode.c.objc; path = "UITableView+DBKit.m"; sourceTree = "<group>"; };
		FBAA6F3F15EB0F9A00C27883 /* UIFont+DBKit.m */ = {isa = PBXFileReference; fileEncoding = 4; lastKnownFileType = sourcecode.c.objc; path = "UIFont+DBKit.m"; sourceTree = "<group>"; };
		FBAA6F4115EB103B00C27883 /* NSTimer+DBKit.m */ = {isa = PBXFileReference; fileEncoding = 4; lastKnownFileType = sourcecode.c.objc; path = "NSTimer+DBKit.m"; sourceTree = "<group>"; };
		FBCA25B015E5CF6F0049E0A6 /* DBTextField.h */ = {isa = PBXFileReference; fileEncoding = 4; lastKnownFileType = sourcecode.c.h; path = DBTextField.h; sourceTree = "<group>"; };
		FBCA25B115E5CF6F0049E0A6 /* DBTextField.m */ = {isa = PBXFileReference; fileEncoding = 4; lastKnownFileType = sourcecode.c.objc; path = DBTextField.m; sourceTree = "<group>"; };
		FBCDE2BB151BD9AC00AA67E3 /* libDBKit.a */ = {isa = PBXFileReference; explicitFileType = archive.ar; includeInIndex = 0; path = libDBKit.a; sourceTree = BUILT_PRODUCTS_DIR; };
		FBCDE2BE151BD9AC00AA67E3 /* Foundation.framework */ = {isa = PBXFileReference; lastKnownFileType = wrapper.framework; name = Foundation.framework; path = System/Library/Frameworks/Foundation.framework; sourceTree = SDKROOT; };
		FBCDE2C2151BD9AC00AA67E3 /* DBKit-Prefix.pch */ = {isa = PBXFileReference; lastKnownFileType = sourcecode.c.h; path = "DBKit-Prefix.pch"; sourceTree = "<group>"; };
		FBCDE2C3151BD9AC00AA67E3 /* DBKit.h */ = {isa = PBXFileReference; lastKnownFileType = sourcecode.c.h; path = DBKit.h; sourceTree = "<group>"; };
		FBCDE2E7151BDED900AA67E3 /* DBMacros.h */ = {isa = PBXFileReference; fileEncoding = 4; lastKnownFileType = sourcecode.c.h; path = DBMacros.h; sourceTree = "<group>"; };
		FBCDE2E8151BDED900AA67E3 /* DBNibTableViewCell.h */ = {isa = PBXFileReference; fileEncoding = 4; lastKnownFileType = sourcecode.c.h; path = DBNibTableViewCell.h; sourceTree = "<group>"; };
		FBCDE2E9151BDED900AA67E3 /* DBNibTableViewCell.m */ = {isa = PBXFileReference; fileEncoding = 4; lastKnownFileType = sourcecode.c.objc; path = DBNibTableViewCell.m; sourceTree = "<group>"; };
		FBCDE2EA151BDED900AA67E3 /* DBTableViewCell.h */ = {isa = PBXFileReference; fileEncoding = 4; lastKnownFileType = sourcecode.c.h; path = DBTableViewCell.h; sourceTree = "<group>"; };
		FBCDE2EB151BDED900AA67E3 /* DBTableViewCell.m */ = {isa = PBXFileReference; fileEncoding = 4; lastKnownFileType = sourcecode.c.objc; path = DBTableViewCell.m; sourceTree = "<group>"; };
		FBCDE2EC151BDED900AA67E3 /* UIView+DBKit.h */ = {isa = PBXFileReference; fileEncoding = 4; lastKnownFileType = sourcecode.c.h; path = "UIView+DBKit.h"; sourceTree = "<group>"; };
		FBCDE2ED151BDED900AA67E3 /* UIView+DBKit.m */ = {isa = PBXFileReference; fileEncoding = 4; lastKnownFileType = sourcecode.c.objc; path = "UIView+DBKit.m"; sourceTree = "<group>"; };
		FBCDE305151BE11B00AA67E3 /* DBCategories.h */ = {isa = PBXFileReference; fileEncoding = 4; lastKnownFileType = sourcecode.c.h; path = DBCategories.h; sourceTree = "<group>"; };
/* End PBXFileReference section */

/* Begin PBXFrameworksBuildPhase section */
		FBAA6E4415E86FF200C27883 /* Frameworks */ = {
			isa = PBXFrameworksBuildPhase;
			buildActionMask = 2147483647;
			files = (
				FBAA6E4915E86FF200C27883 /* CoreFoundation.framework in Frameworks */,
			);
			runOnlyForDeploymentPostprocessing = 0;
		};
		FBCDE2B8151BD9AC00AA67E3 /* Frameworks */ = {
			isa = PBXFrameworksBuildPhase;
			buildActionMask = 2147483647;
			files = (
				FB26441E151C59530083AFA4 /* QuartzCore.framework in Frameworks */,
				FBA82D88151BE3CD006E1554 /* UIKit.framework in Frameworks */,
				FBCDE2BF151BD9AC00AA67E3 /* Foundation.framework in Frameworks */,
			);
			runOnlyForDeploymentPostprocessing = 0;
		};
/* End PBXFrameworksBuildPhase section */

/* Begin PBXGroup section */
		FB264426151C5C2A0083AFA4 /* NumPad */ = {
			isa = PBXGroup;
			children = (
				FBAA6F0E15E877EC00C27883 /* backspaceButton.png */,
				FBAA6F0F15E877EC00C27883 /* backspaceButton@2x.png */,
				FBAA6F1015E877EC00C27883 /* backspaceButtonSelected.png */,
				FBAA6F1115E877EC00C27883 /* backspaceButtonSelected@2x.png */,
				FBAA6F1215E877EC00C27883 /* DBNumberPadInputView.xib */,
				FBAA6F1315E877EC00C27883 /* numberPadBackdrop.png */,
				FBAA6F1415E877EC00C27883 /* numberPadBackdrop@2x.png */,
				FBAA6F1515E877EC00C27883 /* plainButton.png */,
				FBAA6F1615E877EC00C27883 /* plainButton@2x.png */,
			);
			name = NumPad;
			path = ../DBKit;
			sourceTree = "<group>";
		};
		FB264445151C5E9E0083AFA4 /* Formatters */ = {
			isa = PBXGroup;
			children = (
				FB26444D151C5F4E0083AFA4 /* DBNumberFormatting.h */,
				FB26444E151C5F4E0083AFA4 /* DBNumberFormatting.m */,
			);
			name = Formatters;
			sourceTree = "<group>";
		};
		FBA47B8915E1A26400C6FB3C /* Numeric Input */ = {
			isa = PBXGroup;
			children = (
				FB264430151C5E620083AFA4 /* DBNumberPadInputView.h */,
				FB264431151C5E620083AFA4 /* DBNumberPadInputView.m */,
				FB264428151C5E2C0083AFA4 /* DBDecimalTextField.h */,
				FB264429151C5E2C0083AFA4 /* DBDecimalTextField.m */,
				FB26447A151C62C80083AFA4 /* DBPercentDecimalTextField.h */,
				FB26447B151C62C80083AFA4 /* DBPercentDecimalTextField.m */,
				FB26442A151C5E2C0083AFA4 /* DBMonetaryTextField.h */,
				FB26442B151C5E2C0083AFA4 /* DBMonetaryTextField.m */,
			);
			name = "Numeric Input";
			sourceTree = "<group>";
		};
		FBA82D82151BE382006E1554 /* Macros */ = {
			isa = PBXGroup;
			children = (
				FBCDE2E7151BDED900AA67E3 /* DBMacros.h */,
			);
			name = Macros;
			sourceTree = "<group>";
		};
		FBAA6E4A15E86FF200C27883 /* DBKitResources */ = {
			isa = PBXGroup;
			children = (
				FB264426151C5C2A0083AFA4 /* NumPad */,
				FBAA6E4B15E86FF200C27883 /* Supporting Files */,
			);
			path = DBKitResources;
			sourceTree = "<group>";
		};
		FBAA6E4B15E86FF200C27883 /* Supporting Files */ = {
			isa = PBXGroup;
			children = (
				FBAA6E4C15E86FF200C27883 /* DBKitResources-Info.plist */,
				FBAA6E4D15E86FF200C27883 /* InfoPlist.strings */,
				FBAA6E5015E86FF200C27883 /* DBKitResources-Prefix.pch */,
			);
			name = "Supporting Files";
			sourceTree = "<group>";
		};
		FBCDE2B0151BD9AC00AA67E3 = {
			isa = PBXGroup;
			children = (
				FBCDE2C0151BD9AC00AA67E3 /* DBKit */,
				FBAA6E4A15E86FF200C27883 /* DBKitResources */,
				FBCDE2BD151BD9AC00AA67E3 /* Frameworks */,
				FBCDE2BC151BD9AC00AA67E3 /* Products */,
			);
			sourceTree = "<group>";
		};
		FBCDE2BC151BD9AC00AA67E3 /* Products */ = {
			isa = PBXGroup;
			children = (
				FBCDE2BB151BD9AC00AA67E3 /* libDBKit.a */,
				FBAA6E4715E86FF200C27883 /* DBKitResources.bundle */,
			);
			name = Products;
			sourceTree = "<group>";
		};
		FBCDE2BD151BD9AC00AA67E3 /* Frameworks */ = {
			isa = PBXGroup;
			children = (
				FB26441D151C59530083AFA4 /* QuartzCore.framework */,
				FBA82D87151BE3CD006E1554 /* UIKit.framework */,
				FBCDE2BE151BD9AC00AA67E3 /* Foundation.framework */,
				FBAA6E4815E86FF200C27883 /* CoreFoundation.framework */,
			);
			name = Frameworks;
			sourceTree = "<group>";
		};
		FBCDE2C0151BD9AC00AA67E3 /* DBKit */ = {
			isa = PBXGroup;
			children = (
				FBCDE2C3151BD9AC00AA67E3 /* DBKit.h */,
				FBCDE305151BE11B00AA67E3 /* DBCategories.h */,
				FBA82D82151BE382006E1554 /* Macros */,
				FBCDE302151BDF1400AA67E3 /* Categories */,
				FBCDE307151BE14600AA67E3 /* Cells */,
				FBCDE2FF151BDEDE00AA67E3 /* Views */,
				FB264445151C5E9E0083AFA4 /* Formatters */,
				FBCDE2C1151BD9AC00AA67E3 /* Supporting Files */,
			);
			path = DBKit;
			sourceTree = "<group>";
		};
		FBCDE2C1151BD9AC00AA67E3 /* Supporting Files */ = {
			isa = PBXGroup;
			children = (
				FBCDE2C2151BD9AC00AA67E3 /* DBKit-Prefix.pch */,
			);
			name = "Supporting Files";
			sourceTree = "<group>";
		};
		FBCDE2FF151BDEDE00AA67E3 /* Views */ = {
			isa = PBXGroup;
			children = (
				FBA47B8915E1A26400C6FB3C /* Numeric Input */,
				FBCA25B015E5CF6F0049E0A6 /* DBTextField.h */,
				FBCA25B115E5CF6F0049E0A6 /* DBTextField.m */,
			);
			name = Views;
			sourceTree = "<group>";
		};
		FBCDE302151BDF1400AA67E3 /* Categories */ = {
			isa = PBXGroup;
			children = (
				FBA47B8115E1A14B00C6FB3C /* NSString+DBKit.h */,
				FBA47B8215E1A14B00C6FB3C /* NSString+DBKit.m */,
				FBA47B8315E1A14B00C6FB3C /* NSURL+DBKit.h */,
				FBA47B8415E1A14B00C6FB3C /* NSURL+DBKit.m */,
				FB14C471154F2090009F24BD /* NSTimer+DBKit.h */,
				FBAA6F4115EB103B00C27883 /* NSTimer+DBKit.m */,
				FB34B69E154F3DD500E7AE65 /* UIFont+DBKit.h */,
				FBAA6F3F15EB0F9A00C27883 /* UIFont+DBKit.m */,
				FBAA6F3A15EB0AAF00C27883 /* UITableView+DBKit.h */,
				FBAA6F3B15EB0AAF00C27883 /* UITableView+DBKit.m */,
				FBCDE2EC151BDED900AA67E3 /* UIView+DBKit.h */,
				FBCDE2ED151BDED900AA67E3 /* UIView+DBKit.m */,
			);
			name = Categories;
			sourceTree = "<group>";
		};
		FBCDE307151BE14600AA67E3 /* Cells */ = {
			isa = PBXGroup;
			children = (
				FBCDE2E8151BDED900AA67E3 /* DBNibTableViewCell.h */,
				FBCDE2E9151BDED900AA67E3 /* DBNibTableViewCell.m */,
				FBCDE2EA151BDED900AA67E3 /* DBTableViewCell.h */,
				FBCDE2EB151BDED900AA67E3 /* DBTableViewCell.m */,
			);
			name = Cells;
			sourceTree = "<group>";
		};
/* End PBXGroup section */

/* Begin PBXHeadersBuildPhase section */
		FBCDE2B9151BD9AC00AA67E3 /* Headers */ = {
			isa = PBXHeadersBuildPhase;
			buildActionMask = 2147483647;
			files = (
				FBCDE2F4151BDED900AA67E3 /* DBMacros.h in Headers */,
				FBCDE2F5151BDED900AA67E3 /* DBNibTableViewCell.h in Headers */,
				FBCDE2F7151BDED900AA67E3 /* DBTableViewCell.h in Headers */,
				FBCDE2F9151BDED900AA67E3 /* UIView+DBKit.h in Headers */,
				FBCDE306151BE11B00AA67E3 /* DBCategories.h in Headers */,
				FB2642EA151C3FEF0083AFA4 /* DBKit.h in Headers */,
				FB26442C151C5E2C0083AFA4 /* DBDecimalTextField.h in Headers */,
				FB26442E151C5E2C0083AFA4 /* DBMonetaryTextField.h in Headers */,
				FB264446151C5EE00083AFA4 /* DBNumberPadInputView.h in Headers */,
				FB26444F151C5F4E0083AFA4 /* DBNumberFormatting.h in Headers */,
				FB26447C151C62C80083AFA4 /* DBPercentDecimalTextField.h in Headers */,
				FB14C473154F2090009F24BD /* NSTimer+DBKit.h in Headers */,
				FB34B6A0154F3DD500E7AE65 /* UIFont+DBKit.h in Headers */,
				FBA47B8515E1A14B00C6FB3C /* NSString+DBKit.h in Headers */,
				FBA47B8715E1A14B00C6FB3C /* NSURL+DBKit.h in Headers */,
				FBCA25B215E5CF6F0049E0A6 /* DBTextField.h in Headers */,
				FBAA6F3C15EB0AAF00C27883 /* UITableView+DBKit.h in Headers */,
			);
			runOnlyForDeploymentPostprocessing = 0;
		};
/* End PBXHeadersBuildPhase section */

/* Begin PBXNativeTarget section */
		FBAA6E4615E86FF200C27883 /* DBKitResources */ = {
			isa = PBXNativeTarget;
			buildConfigurationList = FBAA6E5415E86FF300C27883 /* Build configuration list for PBXNativeTarget "DBKitResources" */;
			buildPhases = (
				FBAA6E4315E86FF200C27883 /* Sources */,
				FBAA6E4415E86FF200C27883 /* Frameworks */,
				FBAA6E4515E86FF200C27883 /* Resources */,
			);
			buildRules = (
			);
			dependencies = (
			);
			name = DBKitResources;
			productName = DBKitResources;
			productReference = FBAA6E4715E86FF200C27883 /* DBKitResources.bundle */;
			productType = "com.apple.product-type.bundle";
		};
		FBCDE2BA151BD9AC00AA67E3 /* DBKit */ = {
			isa = PBXNativeTarget;
			buildConfigurationList = FBCDE2DF151BD9AC00AA67E3 /* Build configuration list for PBXNativeTarget "DBKit" */;
			buildPhases = (
				FBCDE2B7151BD9AC00AA67E3 /* Sources */,
				FBCDE2B8151BD9AC00AA67E3 /* Frameworks */,
				FBCDE2B9151BD9AC00AA67E3 /* Headers */,
			);
			buildRules = (
			);
			dependencies = (
			);
			name = DBKit;
			productName = DBKit;
			productReference = FBCDE2BB151BD9AC00AA67E3 /* libDBKit.a */;
			productType = "com.apple.product-type.library.static";
		};
/* End PBXNativeTarget section */

/* Begin PBXProject section */
		FBCDE2B2151BD9AC00AA67E3 /* Project object */ = {
			isa = PBXProject;
			attributes = {
				LastUpgradeCheck = 0430;
				ORGANIZATIONNAME = "David Barry";
			};
			buildConfigurationList = FBCDE2B5151BD9AC00AA67E3 /* Build configuration list for PBXProject "DBKit" */;
			compatibilityVersion = "Xcode 3.2";
			developmentRegion = English;
			hasScannedForEncodings = 0;
			knownRegions = (
				en,
			);
			mainGroup = FBCDE2B0151BD9AC00AA67E3;
			productRefGroup = FBCDE2BC151BD9AC00AA67E3 /* Products */;
			projectDirPath = "";
			projectRoot = "";
			targets = (
				FBCDE2BA151BD9AC00AA67E3 /* DBKit */,
				FBAA6E4615E86FF200C27883 /* DBKitResources */,
			);
		};
/* End PBXProject section */

/* Begin PBXResourcesBuildPhase section */
		FBAA6E4515E86FF200C27883 /* Resources */ = {
			isa = PBXResourcesBuildPhase;
			buildActionMask = 2147483647;
			files = (
				FBAA6F1715E877EC00C27883 /* backspaceButton.png in Resources */,
				FBAA6F1815E877EC00C27883 /* backspaceButton@2x.png in Resources */,
				FBAA6F1915E877EC00C27883 /* backspaceButtonSelected.png in Resources */,
				FBAA6F1A15E877EC00C27883 /* backspaceButtonSelected@2x.png in Resources */,
				FBAA6F1B15E877EC00C27883 /* DBNumberPadInputView.xib in Resources */,
				FBAA6F1C15E877EC00C27883 /* numberPadBackdrop.png in Resources */,
				FBAA6F1D15E877EC00C27883 /* numberPadBackdrop@2x.png in Resources */,
				FBAA6F1E15E877EC00C27883 /* plainButton.png in Resources */,
				FBAA6F1F15E877EC00C27883 /* plainButton@2x.png in Resources */,
			);
			runOnlyForDeploymentPostprocessing = 0;
		};
/* End PBXResourcesBuildPhase section */

/* Begin PBXSourcesBuildPhase section */
		FBAA6E4315E86FF200C27883 /* Sources */ = {
			isa = PBXSourcesBuildPhase;
			buildActionMask = 2147483647;
			files = (
			);
			runOnlyForDeploymentPostprocessing = 0;
		};
		FBCDE2B7151BD9AC00AA67E3 /* Sources */ = {
			isa = PBXSourcesBuildPhase;
			buildActionMask = 2147483647;
			files = (
				FBCDE2F6151BDED900AA67E3 /* DBNibTableViewCell.m in Sources */,
				FBCDE2F8151BDED900AA67E3 /* DBTableViewCell.m in Sources */,
				FBCDE2FA151BDED900AA67E3 /* UIView+DBKit.m in Sources */,
				FB26442D151C5E2C0083AFA4 /* DBDecimalTextField.m in Sources */,
				FB26442F151C5E2C0083AFA4 /* DBMonetaryTextField.m in Sources */,
				FB264447151C5EE70083AFA4 /* DBNumberPadInputView.m in Sources */,
				FB264450151C5F4E0083AFA4 /* DBNumberFormatting.m in Sources */,
				FB26447D151C62C80083AFA4 /* DBPercentDecimalTextField.m in Sources */,
				FBA47B8615E1A14B00C6FB3C /* NSString+DBKit.m in Sources */,
				FBA47B8815E1A14B00C6FB3C /* NSURL+DBKit.m in Sources */,
				FBCA25B315E5CF6F0049E0A6 /* DBTextField.m in Sources */,
				FBAA6F3D15EB0AAF00C27883 /* UITableView+DBKit.m in Sources */,
				FBAA6F4015EB0F9A00C27883 /* UIFont+DBKit.m in Sources */,
				FBAA6F4215EB103B00C27883 /* NSTimer+DBKit.m in Sources */,
			);
			runOnlyForDeploymentPostprocessing = 0;
		};
/* End PBXSourcesBuildPhase section */

/* Begin PBXVariantGroup section */
		FBAA6E4D15E86FF200C27883 /* InfoPlist.strings */ = {
			isa = PBXVariantGroup;
			children = (
				FBAA6E4E15E86FF200C27883 /* en */,
			);
			name = InfoPlist.strings;
			sourceTree = "<group>";
		};
/* End PBXVariantGroup section */

/* Begin XCBuildConfiguration section */
		FB26440F151C58C50083AFA4 /* Beta */ = {
			isa = XCBuildConfiguration;
			buildSettings = {
				ALWAYS_SEARCH_USER_PATHS = NO;
				ARCHS = "$(ARCHS_STANDARD_32_BIT)";
				CLANG_ENABLE_OBJC_ARC = YES;
				COPY_PHASE_STRIP = YES;
				GCC_C_LANGUAGE_STANDARD = gnu99;
				GCC_VERSION = com.apple.compilers.llvm.clang.1_0;
				GCC_WARN_ABOUT_RETURN_TYPE = YES;
				GCC_WARN_UNINITIALIZED_AUTOS = YES;
				GCC_WARN_UNUSED_VARIABLE = YES;
				INSTALL_PATH = "$(BUILT_PRODUCTS_DIR)";
				IPHONEOS_DEPLOYMENT_TARGET = 5.1;
				PUBLIC_HEADERS_FOLDER_PATH = "$(TARGET_NAME)";
				SDKROOT = iphoneos;
				SKIP_INSTALL = YES;
				VALIDATE_PRODUCT = YES;
			};
			name = Beta;
		};
		FB264410151C58C50083AFA4 /* Beta */ = {
			isa = XCBuildConfiguration;
			buildSettings = {
				DSTROOT = /tmp/DBKit.dst;
				GCC_PRECOMPILE_PREFIX_HEADER = YES;
				GCC_PREFIX_HEADER = "DBKit/DBKit-Prefix.pch";
				OTHER_LDFLAGS = "-ObjC";
				PRODUCT_NAME = "$(TARGET_NAME)";
				PUBLIC_HEADERS_FOLDER_PATH = "include/$(TARGET_NAME)";
				SKIP_INSTALL = YES;
			};
			name = Beta;
		};
		FBAA6E5115E86FF200C27883 /* Debug */ = {
			isa = XCBuildConfiguration;
			buildSettings = {
				ARCHS = "$(ARCHS_STANDARD_64_BIT)";
				CLANG_CXX_LANGUAGE_STANDARD = "gnu++0x";
				CLANG_WARN__DUPLICATE_METHOD_MATCH = YES;
				COMBINE_HIDPI_IMAGES = YES;
				GCC_ENABLE_OBJC_EXCEPTIONS = YES;
				GCC_PRECOMPILE_PREFIX_HEADER = YES;
				GCC_PREFIX_HEADER = "DBKitResources/DBKitResources-Prefix.pch";
				GCC_WARN_64_TO_32_BIT_CONVERSION = YES;
				INFOPLIST_FILE = "DBKitResources/DBKitResources-Info.plist";
				INSTALL_PATH = "$(LOCAL_LIBRARY_DIR)/Bundles";
				MACOSX_DEPLOYMENT_TARGET = 10.8;
				ONLY_ACTIVE_ARCH = YES;
				PRODUCT_NAME = "$(TARGET_NAME)";
				SDKROOT = iphoneos;
				WRAPPER_EXTENSION = bundle;
			};
			name = Debug;
		};
		FBAA6E5215E86FF200C27883 /* Release */ = {
			isa = XCBuildConfiguration;
			buildSettings = {
				ARCHS = "$(ARCHS_STANDARD_64_BIT)";
				CLANG_CXX_LANGUAGE_STANDARD = "gnu++0x";
				CLANG_WARN__DUPLICATE_METHOD_MATCH = YES;
				COMBINE_HIDPI_IMAGES = YES;
				DEBUG_INFORMATION_FORMAT = "dwarf-with-dsym";
				GCC_ENABLE_OBJC_EXCEPTIONS = YES;
				GCC_PRECOMPILE_PREFIX_HEADER = YES;
				GCC_PREFIX_HEADER = "DBKitResources/DBKitResources-Prefix.pch";
				GCC_WARN_64_TO_32_BIT_CONVERSION = YES;
				INFOPLIST_FILE = "DBKitResources/DBKitResources-Info.plist";
				INSTALL_PATH = "$(LOCAL_LIBRARY_DIR)/Bundles";
				MACOSX_DEPLOYMENT_TARGET = 10.8;
				PRODUCT_NAME = "$(TARGET_NAME)";
				SDKROOT = iphoneos;
				WRAPPER_EXTENSION = bundle;
			};
			name = Release;
		};
		FBAA6E5315E86FF200C27883 /* Beta */ = {
			isa = XCBuildConfiguration;
			buildSettings = {
				ARCHS = "$(ARCHS_STANDARD_64_BIT)";
				CLANG_CXX_LANGUAGE_STANDARD = "gnu++0x";
				CLANG_WARN__DUPLICATE_METHOD_MATCH = YES;
				COMBINE_HIDPI_IMAGES = YES;
				DEBUG_INFORMATION_FORMAT = "dwarf-with-dsym";
				GCC_ENABLE_OBJC_EXCEPTIONS = YES;
				GCC_PRECOMPILE_PREFIX_HEADER = YES;
				GCC_PREFIX_HEADER = "DBKitResources/DBKitResources-Prefix.pch";
				GCC_WARN_64_TO_32_BIT_CONVERSION = YES;
				INFOPLIST_FILE = "DBKitResources/DBKitResources-Info.plist";
				INSTALL_PATH = "$(LOCAL_LIBRARY_DIR)/Bundles";
				MACOSX_DEPLOYMENT_TARGET = 10.8;
				PRODUCT_NAME = "$(TARGET_NAME)";
				SDKROOT = iphoneos;
				WRAPPER_EXTENSION = bundle;
			};
			name = Beta;
		};
		FBCDE2DD151BD9AC00AA67E3 /* Debug */ = {
			isa = XCBuildConfiguration;
			buildSettings = {
				ALWAYS_SEARCH_USER_PATHS = NO;
				ARCHS = "$(ARCHS_STANDARD_32_BIT)";
				CLANG_ENABLE_OBJC_ARC = YES;
				COPY_PHASE_STRIP = NO;
				GCC_C_LANGUAGE_STANDARD = gnu99;
				GCC_DYNAMIC_NO_PIC = NO;
				GCC_OPTIMIZATION_LEVEL = 0;
				GCC_PREPROCESSOR_DEFINITIONS = (
					"DEBUG=1",
					"$(inherited)",
				);
				GCC_SYMBOLS_PRIVATE_EXTERN = NO;
				GCC_VERSION = com.apple.compilers.llvm.clang.1_0;
				GCC_WARN_ABOUT_RETURN_TYPE = YES;
				GCC_WARN_UNINITIALIZED_AUTOS = YES;
				GCC_WARN_UNUSED_VARIABLE = YES;
				INSTALL_PATH = "$(BUILT_PRODUCTS_DIR)";
				IPHONEOS_DEPLOYMENT_TARGET = 5.1;
				PUBLIC_HEADERS_FOLDER_PATH = "$(TARGET_NAME)";
				SDKROOT = iphoneos;
				SKIP_INSTALL = YES;
			};
			name = Debug;
		};
		FBCDE2DE151BD9AC00AA67E3 /* Release */ = {
			isa = XCBuildConfiguration;
			buildSettings = {
				ALWAYS_SEARCH_USER_PATHS = NO;
				ARCHS = "$(ARCHS_STANDARD_32_BIT)";
				CLANG_ENABLE_OBJC_ARC = YES;
				COPY_PHASE_STRIP = YES;
				GCC_C_LANGUAGE_STANDARD = gnu99;
				GCC_VERSION = com.apple.compilers.llvm.clang.1_0;
				GCC_WARN_ABOUT_RETURN_TYPE = YES;
				GCC_WARN_UNINITIALIZED_AUTOS = YES;
				GCC_WARN_UNUSED_VARIABLE = YES;
				INSTALL_PATH = "$(BUILT_PRODUCTS_DIR)";
				IPHONEOS_DEPLOYMENT_TARGET = 5.1;
				PUBLIC_HEADERS_FOLDER_PATH = "$(TARGET_NAME)";
				SDKROOT = iphoneos;
				SKIP_INSTALL = YES;
				VALIDATE_PRODUCT = YES;
			};
			name = Release;
		};
		FBCDE2E0151BD9AC00AA67E3 /* Debug */ = {
			isa = XCBuildConfiguration;
			buildSettings = {
				DSTROOT = /tmp/DBKit.dst;
				GCC_PRECOMPILE_PREFIX_HEADER = YES;
				GCC_PREFIX_HEADER = "DBKit/DBKit-Prefix.pch";
				OTHER_LDFLAGS = "-ObjC";
				PRODUCT_NAME = "$(TARGET_NAME)";
				PUBLIC_HEADERS_FOLDER_PATH = "include/$(TARGET_NAME)";
				SKIP_INSTALL = YES;
			};
			name = Debug;
		};
		FBCDE2E1151BD9AC00AA67E3 /* Release */ = {
			isa = XCBuildConfiguration;
			buildSettings = {
				DSTROOT = /tmp/DBKit.dst;
				GCC_PRECOMPILE_PREFIX_HEADER = YES;
				GCC_PREFIX_HEADER = "DBKit/DBKit-Prefix.pch";
				OTHER_LDFLAGS = "-ObjC";
				PRODUCT_NAME = "$(TARGET_NAME)";
				PUBLIC_HEADERS_FOLDER_PATH = "include/$(TARGET_NAME)";
				SKIP_INSTALL = YES;
			};
			name = Release;
		};
/* End XCBuildConfiguration section */

/* Begin XCConfigurationList section */
		FBAA6E5415E86FF300C27883 /* Build configuration list for PBXNativeTarget "DBKitResources" */ = {
			isa = XCConfigurationList;
			buildConfigurations = (
				FBAA6E5115E86FF200C27883 /* Debug */,
				FBAA6E5215E86FF200C27883 /* Release */,
				FBAA6E5315E86FF200C27883 /* Beta */,
			);
			defaultConfigurationIsVisible = 0;
			defaultConfigurationName = Release;
		};
		FBCDE2B5151BD9AC00AA67E3 /* Build configuration list for PBXProject "DBKit" */ = {
			isa = XCConfigurationList;
			buildConfigurations = (
				FBCDE2DD151BD9AC00AA67E3 /* Debug */,
				FBCDE2DE151BD9AC00AA67E3 /* Release */,
				FB26440F151C58C50083AFA4 /* Beta */,
			);
			defaultConfigurationIsVisible = 0;
			defaultConfigurationName = Release;
		};
		FBCDE2DF151BD9AC00AA67E3 /* Build configuration list for PBXNativeTarget "DBKit" */ = {
			isa = XCConfigurationList;
			buildConfigurations = (
				FBCDE2E0151BD9AC00AA67E3 /* Debug */,
				FBCDE2E1151BD9AC00AA67E3 /* Release */,
				FB264410151C58C50083AFA4 /* Beta */,
			);
			defaultConfigurationIsVisible = 0;
			defaultConfigurationName = Release;
		};
/* End XCConfigurationList section */
	};
	rootObject = FBCDE2B2151BD9AC00AA67E3 /* Project object */;
}
