// !$*UTF8*$!
{
	archiveVersion = 1;
	classes = {
	};
	objectVersion = 46;
	objects = {

/* Begin PBXBuildFile section */
		FB14C473154F2090009F24BD /* NSTimer+Blocks.h in Headers */ = {isa = PBXBuildFile; fileRef = FB14C471154F2090009F24BD /* NSTimer+Blocks.h */; settings = {ATTRIBUTES = (Public, ); }; };
		FB14C474154F2090009F24BD /* NSTimer+Blocks.m in Sources */ = {isa = PBXBuildFile; fileRef = FB14C472154F2090009F24BD /* NSTimer+Blocks.m */; };
		FB2642EA151C3FEF0083AFA4 /* DBKit.h in Headers */ = {isa = PBXBuildFile; fileRef = FBCDE2C3151BD9AC00AA67E3 /* DBKit.h */; settings = {ATTRIBUTES = (Public, ); }; };
		FB2643BF151C54B00083AFA4 /* Foundation.framework in Frameworks */ = {isa = PBXBuildFile; fileRef = FBCDE2BE151BD9AC00AA67E3 /* Foundation.framework */; };
		FB2643CC151C54F00083AFA4 /* DBCoreData.h in Headers */ = {isa = PBXBuildFile; fileRef = FBCDE303151BE0C300AA67E3 /* DBCoreData.h */; settings = {ATTRIBUTES = (Public, ); }; };
		FB26441E151C59530083AFA4 /* QuartzCore.framework in Frameworks */ = {isa = PBXBuildFile; fileRef = FB26441D151C59530083AFA4 /* QuartzCore.framework */; };
		FB26442C151C5E2C0083AFA4 /* DBDecimalTextField.h in Headers */ = {isa = PBXBuildFile; fileRef = FB264428151C5E2C0083AFA4 /* DBDecimalTextField.h */; settings = {ATTRIBUTES = (Public, ); }; };
		FB26442D151C5E2C0083AFA4 /* DBDecimalTextField.m in Sources */ = {isa = PBXBuildFile; fileRef = FB264429151C5E2C0083AFA4 /* DBDecimalTextField.m */; };
		FB26442E151C5E2C0083AFA4 /* DBMonetaryTextField.h in Headers */ = {isa = PBXBuildFile; fileRef = FB26442A151C5E2C0083AFA4 /* DBMonetaryTextField.h */; settings = {ATTRIBUTES = (Public, ); }; };
		FB26442F151C5E2C0083AFA4 /* DBMonetaryTextField.m in Sources */ = {isa = PBXBuildFile; fileRef = FB26442B151C5E2C0083AFA4 /* DBMonetaryTextField.m */; };
		FB264446151C5EE00083AFA4 /* DBNumberPadInputView.h in Headers */ = {isa = PBXBuildFile; fileRef = FB264430151C5E620083AFA4 /* DBNumberPadInputView.h */; settings = {ATTRIBUTES = (Public, ); }; };
		FB264447151C5EE70083AFA4 /* DBNumberPadInputView.m in Sources */ = {isa = PBXBuildFile; fileRef = FB264431151C5E620083AFA4 /* DBNumberPadInputView.m */; };
		FB26444F151C5F4E0083AFA4 /* DBNumberFormatting.h in Headers */ = {isa = PBXBuildFile; fileRef = FB26444D151C5F4E0083AFA4 /* DBNumberFormatting.h */; settings = {ATTRIBUTES = (Public, ); }; };
		FB264450151C5F4E0083AFA4 /* DBNumberFormatting.m in Sources */ = {isa = PBXBuildFile; fileRef = FB26444E151C5F4E0083AFA4 /* DBNumberFormatting.m */; };
		FB26447C151C62C80083AFA4 /* DBPercentDecimalTextField.h in Headers */ = {isa = PBXBuildFile; fileRef = FB26447A151C62C80083AFA4 /* DBPercentDecimalTextField.h */; settings = {ATTRIBUTES = (Public, ); }; };
		FB26447D151C62C80083AFA4 /* DBPercentDecimalTextField.m in Sources */ = {isa = PBXBuildFile; fileRef = FB26447B151C62C80083AFA4 /* DBPercentDecimalTextField.m */; };
		FB34B6A0154F3DD500E7AE65 /* UIFont+LogFontNames.h in Headers */ = {isa = PBXBuildFile; fileRef = FB34B69E154F3DD500E7AE65 /* UIFont+LogFontNames.h */; settings = {ATTRIBUTES = (Public, ); }; };
		FB34B6A1154F3DD500E7AE65 /* UIFont+LogFontNames.m in Sources */ = {isa = PBXBuildFile; fileRef = FB34B69F154F3DD500E7AE65 /* UIFont+LogFontNames.m */; };
		FB7AA85815C8F6930073FCBC /* NSManagedObjectContext+SSDataKitAdditions.h in Headers */ = {isa = PBXBuildFile; fileRef = FB7AA84915C8F6930073FCBC /* NSManagedObjectContext+SSDataKitAdditions.h */; settings = {ATTRIBUTES = (Public, ); }; };
		FB7AA85915C8F6930073FCBC /* SSFilterableFetchedResultsController.h in Headers */ = {isa = PBXBuildFile; fileRef = FB7AA84A15C8F6930073FCBC /* SSFilterableFetchedResultsController.h */; settings = {ATTRIBUTES = (Public, ); }; };
		FB7AA85A15C8F6930073FCBC /* SSFilterableFetchedResultsController.m in Sources */ = {isa = PBXBuildFile; fileRef = FB7AA84B15C8F6930073FCBC /* SSFilterableFetchedResultsController.m */; };
		FB7AA85B15C8F6930073FCBC /* SSFilteredResultsFilter.h in Headers */ = {isa = PBXBuildFile; fileRef = FB7AA84C15C8F6930073FCBC /* SSFilteredResultsFilter.h */; settings = {ATTRIBUTES = (Public, ); }; };
		FB7AA85C15C8F6930073FCBC /* SSFilteredResultsFilter.m in Sources */ = {isa = PBXBuildFile; fileRef = FB7AA84D15C8F6930073FCBC /* SSFilteredResultsFilter.m */; };
		FB7AA85D15C8F6930073FCBC /* SSFilteredResultsSection.h in Headers */ = {isa = PBXBuildFile; fileRef = FB7AA84E15C8F6930073FCBC /* SSFilteredResultsSection.h */; settings = {ATTRIBUTES = (Public, ); }; };
		FB7AA85E15C8F6930073FCBC /* SSFilteredResultsSection.m in Sources */ = {isa = PBXBuildFile; fileRef = FB7AA84F15C8F6930073FCBC /* SSFilteredResultsSection.m */; };
		FB7AA85F15C8F6930073FCBC /* SSManagedObject.h in Headers */ = {isa = PBXBuildFile; fileRef = FB7AA85015C8F6930073FCBC /* SSManagedObject.h */; settings = {ATTRIBUTES = (Public, ); }; };
		FB7AA86015C8F6930073FCBC /* SSManagedObject.m in Sources */ = {isa = PBXBuildFile; fileRef = FB7AA85115C8F6930073FCBC /* SSManagedObject.m */; };
		FB7AA86115C8F6930073FCBC /* SSManagedTableViewController.h in Headers */ = {isa = PBXBuildFile; fileRef = FB7AA85215C8F6930073FCBC /* SSManagedTableViewController.h */; settings = {ATTRIBUTES = (Public, ); }; };
		FB7AA86215C8F6930073FCBC /* SSManagedTableViewController.m in Sources */ = {isa = PBXBuildFile; fileRef = FB7AA85315C8F6930073FCBC /* SSManagedTableViewController.m */; };
		FB7AA86315C8F6930073FCBC /* SSManagedViewController.h in Headers */ = {isa = PBXBuildFile; fileRef = FB7AA85415C8F6930073FCBC /* SSManagedViewController.h */; settings = {ATTRIBUTES = (Public, ); }; };
		FB7AA86415C8F6930073FCBC /* SSManagedViewController.m in Sources */ = {isa = PBXBuildFile; fileRef = FB7AA85515C8F6930073FCBC /* SSManagedViewController.m */; };
		FB7AA86515C8F6930073FCBC /* SSRemoteManagedObject.h in Headers */ = {isa = PBXBuildFile; fileRef = FB7AA85615C8F6930073FCBC /* SSRemoteManagedObject.h */; settings = {ATTRIBUTES = (Public, ); }; };
		FB7AA86615C8F6930073FCBC /* SSRemoteManagedObject.m in Sources */ = {isa = PBXBuildFile; fileRef = FB7AA85715C8F6930073FCBC /* SSRemoteManagedObject.m */; };
		FB7AA86815C8F6B10073FCBC /* NSManagedObjectContext+SSDataKitAdditions.m in Sources */ = {isa = PBXBuildFile; fileRef = FB7AA86715C8F6B10073FCBC /* NSManagedObjectContext+SSDataKitAdditions.m */; };
		FBA82D88151BE3CD006E1554 /* UIKit.framework in Frameworks */ = {isa = PBXBuildFile; fileRef = FBA82D87151BE3CD006E1554 /* UIKit.framework */; };
		FBCDE2BF151BD9AC00AA67E3 /* Foundation.framework in Frameworks */ = {isa = PBXBuildFile; fileRef = FBCDE2BE151BD9AC00AA67E3 /* Foundation.framework */; };
		FBCDE2F4151BDED900AA67E3 /* DBMacros.h in Headers */ = {isa = PBXBuildFile; fileRef = FBCDE2E7151BDED900AA67E3 /* DBMacros.h */; settings = {ATTRIBUTES = (Public, ); }; };
		FBCDE2F5151BDED900AA67E3 /* DBNibTableViewCell.h in Headers */ = {isa = PBXBuildFile; fileRef = FBCDE2E8151BDED900AA67E3 /* DBNibTableViewCell.h */; settings = {ATTRIBUTES = (Public, ); }; };
		FBCDE2F6151BDED900AA67E3 /* DBNibTableViewCell.m in Sources */ = {isa = PBXBuildFile; fileRef = FBCDE2E9151BDED900AA67E3 /* DBNibTableViewCell.m */; };
		FBCDE2F7151BDED900AA67E3 /* DBTableViewCell.h in Headers */ = {isa = PBXBuildFile; fileRef = FBCDE2EA151BDED900AA67E3 /* DBTableViewCell.h */; settings = {ATTRIBUTES = (Public, ); }; };
		FBCDE2F8151BDED900AA67E3 /* DBTableViewCell.m in Sources */ = {isa = PBXBuildFile; fileRef = FBCDE2EB151BDED900AA67E3 /* DBTableViewCell.m */; };
		FBCDE2F9151BDED900AA67E3 /* DBViewWithNibLayout.h in Headers */ = {isa = PBXBuildFile; fileRef = FBCDE2EC151BDED900AA67E3 /* DBViewWithNibLayout.h */; settings = {ATTRIBUTES = (Public, ); }; };
		FBCDE2FA151BDED900AA67E3 /* DBViewWithNibLayout.m in Sources */ = {isa = PBXBuildFile; fileRef = FBCDE2ED151BDED900AA67E3 /* DBViewWithNibLayout.m */; };
		FBCDE2FB151BDED900AA67E3 /* UIView+position.h in Headers */ = {isa = PBXBuildFile; fileRef = FBCDE2EE151BDED900AA67E3 /* UIView+position.h */; settings = {ATTRIBUTES = (Public, ); }; };
		FBCDE2FC151BDED900AA67E3 /* UIView+position.m in Sources */ = {isa = PBXBuildFile; fileRef = FBCDE2EF151BDED900AA67E3 /* UIView+position.m */; };
		FBCDE306151BE11B00AA67E3 /* DBCategories.h in Headers */ = {isa = PBXBuildFile; fileRef = FBCDE305151BE11B00AA67E3 /* DBCategories.h */; settings = {ATTRIBUTES = (Public, ); }; };
/* End PBXBuildFile section */

/* Begin PBXFileReference section */
		FB14C471154F2090009F24BD /* NSTimer+Blocks.h */ = {isa = PBXFileReference; fileEncoding = 4; lastKnownFileType = sourcecode.c.h; path = "NSTimer+Blocks.h"; sourceTree = "<group>"; };
		FB14C472154F2090009F24BD /* NSTimer+Blocks.m */ = {isa = PBXFileReference; fileEncoding = 4; lastKnownFileType = sourcecode.c.objc; path = "NSTimer+Blocks.m"; sourceTree = "<group>"; };
		FB2643BE151C54B00083AFA4 /* libDBKitCoreData.a */ = {isa = PBXFileReference; explicitFileType = archive.ar; includeInIndex = 0; path = libDBKitCoreData.a; sourceTree = BUILT_PRODUCTS_DIR; };
		FB26441D151C59530083AFA4 /* QuartzCore.framework */ = {isa = PBXFileReference; lastKnownFileType = wrapper.framework; name = QuartzCore.framework; path = System/Library/Frameworks/QuartzCore.framework; sourceTree = SDKROOT; };
		FB264428151C5E2C0083AFA4 /* DBDecimalTextField.h */ = {isa = PBXFileReference; fileEncoding = 4; lastKnownFileType = sourcecode.c.h; path = DBDecimalTextField.h; sourceTree = "<group>"; };
		FB264429151C5E2C0083AFA4 /* DBDecimalTextField.m */ = {isa = PBXFileReference; fileEncoding = 4; lastKnownFileType = sourcecode.c.objc; path = DBDecimalTextField.m; sourceTree = "<group>"; };
		FB26442A151C5E2C0083AFA4 /* DBMonetaryTextField.h */ = {isa = PBXFileReference; fileEncoding = 4; lastKnownFileType = sourcecode.c.h; path = DBMonetaryTextField.h; sourceTree = "<group>"; };
		FB26442B151C5E2C0083AFA4 /* DBMonetaryTextField.m */ = {isa = PBXFileReference; fileEncoding = 4; lastKnownFileType = sourcecode.c.objc; path = DBMonetaryTextField.m; sourceTree = "<group>"; };
		FB264430151C5E620083AFA4 /* DBNumberPadInputView.h */ = {isa = PBXFileReference; fileEncoding = 4; lastKnownFileType = sourcecode.c.h; path = DBNumberPadInputView.h; sourceTree = "<group>"; };
		FB264431151C5E620083AFA4 /* DBNumberPadInputView.m */ = {isa = PBXFileReference; fileEncoding = 4; lastKnownFileType = sourcecode.c.objc; path = DBNumberPadInputView.m; sourceTree = "<group>"; };
		FB26444D151C5F4E0083AFA4 /* DBNumberFormatting.h */ = {isa = PBXFileReference; fileEncoding = 4; lastKnownFileType = sourcecode.c.h; path = DBNumberFormatting.h; sourceTree = "<group>"; };
		FB26444E151C5F4E0083AFA4 /* DBNumberFormatting.m */ = {isa = PBXFileReference; fileEncoding = 4; lastKnownFileType = sourcecode.c.objc; path = DBNumberFormatting.m; sourceTree = "<group>"; };
		FB264451151C5FE10083AFA4 /* DBNumberPadInputView.xib */ = {isa = PBXFileReference; fileEncoding = 4; lastKnownFileType = file.xib; path = DBNumberPadInputView.xib; sourceTree = "<group>"; };
		FB264452151C60100083AFA4 /* backspaceButton.png */ = {isa = PBXFileReference; lastKnownFileType = image.png; path = backspaceButton.png; sourceTree = "<group>"; };
		FB264453151C60100083AFA4 /* backspaceButton@2x.png */ = {isa = PBXFileReference; lastKnownFileType = image.png; path = "backspaceButton@2x.png"; sourceTree = "<group>"; };
		FB264454151C60100083AFA4 /* backspaceButtonSelected.png */ = {isa = PBXFileReference; lastKnownFileType = image.png; path = backspaceButtonSelected.png; sourceTree = "<group>"; };
		FB264455151C60100083AFA4 /* backspaceButtonSelected@2x.png */ = {isa = PBXFileReference; lastKnownFileType = image.png; path = "backspaceButtonSelected@2x.png"; sourceTree = "<group>"; };
		FB264456151C60100083AFA4 /* numberPadBackdrop.png */ = {isa = PBXFileReference; lastKnownFileType = image.png; path = numberPadBackdrop.png; sourceTree = "<group>"; };
		FB264457151C60100083AFA4 /* numberPadBackdrop@2x.png */ = {isa = PBXFileReference; lastKnownFileType = image.png; path = "numberPadBackdrop@2x.png"; sourceTree = "<group>"; };
		FB264458151C60100083AFA4 /* plainButton.png */ = {isa = PBXFileReference; lastKnownFileType = image.png; path = plainButton.png; sourceTree = "<group>"; };
		FB264459151C60100083AFA4 /* plainButton@2x.png */ = {isa = PBXFileReference; lastKnownFileType = image.png; path = "plainButton@2x.png"; sourceTree = "<group>"; };
		FB26447A151C62C80083AFA4 /* DBPercentDecimalTextField.h */ = {isa = PBXFileReference; fileEncoding = 4; lastKnownFileType = sourcecode.c.h; path = DBPercentDecimalTextField.h; sourceTree = "<group>"; };
		FB26447B151C62C80083AFA4 /* DBPercentDecimalTextField.m */ = {isa = PBXFileReference; fileEncoding = 4; lastKnownFileType = sourcecode.c.objc; path = DBPercentDecimalTextField.m; sourceTree = "<group>"; };
		FB34B69E154F3DD500E7AE65 /* UIFont+LogFontNames.h */ = {isa = PBXFileReference; fileEncoding = 4; lastKnownFileType = sourcecode.c.h; path = "UIFont+LogFontNames.h"; sourceTree = "<group>"; };
		FB34B69F154F3DD500E7AE65 /* UIFont+LogFontNames.m */ = {isa = PBXFileReference; fileEncoding = 4; lastKnownFileType = sourcecode.c.objc; path = "UIFont+LogFontNames.m"; sourceTree = "<group>"; };
		FB7AA84915C8F6930073FCBC /* NSManagedObjectContext+SSDataKitAdditions.h */ = {isa = PBXFileReference; fileEncoding = 4; lastKnownFileType = sourcecode.c.h; path = "NSManagedObjectContext+SSDataKitAdditions.h"; sourceTree = "<group>"; };
		FB7AA84A15C8F6930073FCBC /* SSFilterableFetchedResultsController.h */ = {isa = PBXFileReference; fileEncoding = 4; lastKnownFileType = sourcecode.c.h; path = SSFilterableFetchedResultsController.h; sourceTree = "<group>"; };
		FB7AA84B15C8F6930073FCBC /* SSFilterableFetchedResultsController.m */ = {isa = PBXFileReference; fileEncoding = 4; lastKnownFileType = sourcecode.c.objc; path = SSFilterableFetchedResultsController.m; sourceTree = "<group>"; };
		FB7AA84C15C8F6930073FCBC /* SSFilteredResultsFilter.h */ = {isa = PBXFileReference; fileEncoding = 4; lastKnownFileType = sourcecode.c.h; path = SSFilteredResultsFilter.h; sourceTree = "<group>"; };
		FB7AA84D15C8F6930073FCBC /* SSFilteredResultsFilter.m */ = {isa = PBXFileReference; fileEncoding = 4; lastKnownFileType = sourcecode.c.objc; path = SSFilteredResultsFilter.m; sourceTree = "<group>"; };
		FB7AA84E15C8F6930073FCBC /* SSFilteredResultsSection.h */ = {isa = PBXFileReference; fileEncoding = 4; lastKnownFileType = sourcecode.c.h; path = SSFilteredResultsSection.h; sourceTree = "<group>"; };
		FB7AA84F15C8F6930073FCBC /* SSFilteredResultsSection.m */ = {isa = PBXFileReference; fileEncoding = 4; lastKnownFileType = sourcecode.c.objc; path = SSFilteredResultsSection.m; sourceTree = "<group>"; };
		FB7AA85015C8F6930073FCBC /* SSManagedObject.h */ = {isa = PBXFileReference; fileEncoding = 4; lastKnownFileType = sourcecode.c.h; path = SSManagedObject.h; sourceTree = "<group>"; };
		FB7AA85115C8F6930073FCBC /* SSManagedObject.m */ = {isa = PBXFileReference; fileEncoding = 4; lastKnownFileType = sourcecode.c.objc; path = SSManagedObject.m; sourceTree = "<group>"; };
		FB7AA85215C8F6930073FCBC /* SSManagedTableViewController.h */ = {isa = PBXFileReference; fileEncoding = 4; lastKnownFileType = sourcecode.c.h; path = SSManagedTableViewController.h; sourceTree = "<group>"; };
		FB7AA85315C8F6930073FCBC /* SSManagedTableViewController.m */ = {isa = PBXFileReference; fileEncoding = 4; lastKnownFileType = sourcecode.c.objc; path = SSManagedTableViewController.m; sourceTree = "<group>"; };
		FB7AA85415C8F6930073FCBC /* SSManagedViewController.h */ = {isa = PBXFileReference; fileEncoding = 4; lastKnownFileType = sourcecode.c.h; path = SSManagedViewController.h; sourceTree = "<group>"; };
		FB7AA85515C8F6930073FCBC /* SSManagedViewController.m */ = {isa = PBXFileReference; fileEncoding = 4; lastKnownFileType = sourcecode.c.objc; path = SSManagedViewController.m; sourceTree = "<group>"; };
		FB7AA85615C8F6930073FCBC /* SSRemoteManagedObject.h */ = {isa = PBXFileReference; fileEncoding = 4; lastKnownFileType = sourcecode.c.h; path = SSRemoteManagedObject.h; sourceTree = "<group>"; };
		FB7AA85715C8F6930073FCBC /* SSRemoteManagedObject.m */ = {isa = PBXFileReference; fileEncoding = 4; lastKnownFileType = sourcecode.c.objc; path = SSRemoteManagedObject.m; sourceTree = "<group>"; };
		FB7AA86715C8F6B10073FCBC /* NSManagedObjectContext+SSDataKitAdditions.m */ = {isa = PBXFileReference; fileEncoding = 4; lastKnownFileType = sourcecode.c.objc; path = "NSManagedObjectContext+SSDataKitAdditions.m"; sourceTree = "<group>"; };
		FBA82D87151BE3CD006E1554 /* UIKit.framework */ = {isa = PBXFileReference; lastKnownFileType = wrapper.framework; name = UIKit.framework; path = System/Library/Frameworks/UIKit.framework; sourceTree = SDKROOT; };
		FBCDE2BB151BD9AC00AA67E3 /* libDBKit.a */ = {isa = PBXFileReference; explicitFileType = archive.ar; includeInIndex = 0; path = libDBKit.a; sourceTree = BUILT_PRODUCTS_DIR; };
		FBCDE2BE151BD9AC00AA67E3 /* Foundation.framework */ = {isa = PBXFileReference; lastKnownFileType = wrapper.framework; name = Foundation.framework; path = System/Library/Frameworks/Foundation.framework; sourceTree = SDKROOT; };
		FBCDE2C2151BD9AC00AA67E3 /* DBKit-Prefix.pch */ = {isa = PBXFileReference; lastKnownFileType = sourcecode.c.h; path = "DBKit-Prefix.pch"; sourceTree = "<group>"; };
		FBCDE2C3151BD9AC00AA67E3 /* DBKit.h */ = {isa = PBXFileReference; lastKnownFileType = sourcecode.c.h; path = DBKit.h; sourceTree = "<group>"; };
		FBCDE2E7151BDED900AA67E3 /* DBMacros.h */ = {isa = PBXFileReference; fileEncoding = 4; lastKnownFileType = sourcecode.c.h; path = DBMacros.h; sourceTree = "<group>"; };
		FBCDE2E8151BDED900AA67E3 /* DBNibTableViewCell.h */ = {isa = PBXFileReference; fileEncoding = 4; lastKnownFileType = sourcecode.c.h; path = DBNibTableViewCell.h; sourceTree = "<group>"; };
		FBCDE2E9151BDED900AA67E3 /* DBNibTableViewCell.m */ = {isa = PBXFileReference; fileEncoding = 4; lastKnownFileType = sourcecode.c.objc; path = DBNibTableViewCell.m; sourceTree = "<group>"; };
		FBCDE2EA151BDED900AA67E3 /* DBTableViewCell.h */ = {isa = PBXFileReference; fileEncoding = 4; lastKnownFileType = sourcecode.c.h; path = DBTableViewCell.h; sourceTree = "<group>"; };
		FBCDE2EB151BDED900AA67E3 /* DBTableViewCell.m */ = {isa = PBXFileReference; fileEncoding = 4; lastKnownFileType = sourcecode.c.objc; path = DBTableViewCell.m; sourceTree = "<group>"; };
		FBCDE2EC151BDED900AA67E3 /* DBViewWithNibLayout.h */ = {isa = PBXFileReference; fileEncoding = 4; lastKnownFileType = sourcecode.c.h; path = DBViewWithNibLayout.h; sourceTree = "<group>"; };
		FBCDE2ED151BDED900AA67E3 /* DBViewWithNibLayout.m */ = {isa = PBXFileReference; fileEncoding = 4; lastKnownFileType = sourcecode.c.objc; path = DBViewWithNibLayout.m; sourceTree = "<group>"; };
		FBCDE2EE151BDED900AA67E3 /* UIView+position.h */ = {isa = PBXFileReference; fileEncoding = 4; lastKnownFileType = sourcecode.c.h; path = "UIView+position.h"; sourceTree = "<group>"; };
		FBCDE2EF151BDED900AA67E3 /* UIView+position.m */ = {isa = PBXFileReference; fileEncoding = 4; lastKnownFileType = sourcecode.c.objc; path = "UIView+position.m"; sourceTree = "<group>"; };
		FBCDE303151BE0C300AA67E3 /* DBCoreData.h */ = {isa = PBXFileReference; fileEncoding = 4; lastKnownFileType = sourcecode.c.h; path = DBCoreData.h; sourceTree = "<group>"; };
		FBCDE305151BE11B00AA67E3 /* DBCategories.h */ = {isa = PBXFileReference; fileEncoding = 4; lastKnownFileType = sourcecode.c.h; path = DBCategories.h; sourceTree = "<group>"; };
/* End PBXFileReference section */

/* Begin PBXFrameworksBuildPhase section */
		FB2643BB151C54B00083AFA4 /* Frameworks */ = {
			isa = PBXFrameworksBuildPhase;
			buildActionMask = 2147483647;
			files = (
				FB2643BF151C54B00083AFA4 /* Foundation.framework in Frameworks */,
			);
			runOnlyForDeploymentPostprocessing = 0;
		};
		FBCDE2B8151BD9AC00AA67E3 /* Frameworks */ = {
			isa = PBXFrameworksBuildPhase;
			buildActionMask = 2147483647;
			files = (
				FB26441E151C59530083AFA4 /* QuartzCore.framework in Frameworks */,
				FBA82D88151BE3CD006E1554 /* UIKit.framework in Frameworks */,
				FBCDE2BF151BD9AC00AA67E3 /* Foundation.framework in Frameworks */,
			);
			runOnlyForDeploymentPostprocessing = 0;
		};
/* End PBXFrameworksBuildPhase section */

/* Begin PBXGroup section */
		FB2643D5151C556C0083AFA4 /* DBKitCoreData */ = {
			isa = PBXGroup;
			children = (
				FBCDE303151BE0C300AA67E3 /* DBCoreData.h */,
				FB7AA84915C8F6930073FCBC /* NSManagedObjectContext+SSDataKitAdditions.h */,
				FB7AA86715C8F6B10073FCBC /* NSManagedObjectContext+SSDataKitAdditions.m */,
				FB7AA84A15C8F6930073FCBC /* SSFilterableFetchedResultsController.h */,
				FB7AA84B15C8F6930073FCBC /* SSFilterableFetchedResultsController.m */,
				FB7AA84C15C8F6930073FCBC /* SSFilteredResultsFilter.h */,
				FB7AA84D15C8F6930073FCBC /* SSFilteredResultsFilter.m */,
				FB7AA84E15C8F6930073FCBC /* SSFilteredResultsSection.h */,
				FB7AA84F15C8F6930073FCBC /* SSFilteredResultsSection.m */,
				FB7AA85015C8F6930073FCBC /* SSManagedObject.h */,
				FB7AA85115C8F6930073FCBC /* SSManagedObject.m */,
				FB7AA85215C8F6930073FCBC /* SSManagedTableViewController.h */,
				FB7AA85315C8F6930073FCBC /* SSManagedTableViewController.m */,
				FB7AA85415C8F6930073FCBC /* SSManagedViewController.h */,
				FB7AA85515C8F6930073FCBC /* SSManagedViewController.m */,
				FB7AA85615C8F6930073FCBC /* SSRemoteManagedObject.h */,
				FB7AA85715C8F6930073FCBC /* SSRemoteManagedObject.m */,
			);
			name = DBKitCoreData;
			path = DBKit;
			sourceTree = "<group>";
		};
		FB264424151C5C1C0083AFA4 /* DBKit Resources */ = {
			isa = PBXGroup;
			children = (
				FB264426151C5C2A0083AFA4 /* NumPad */,
			);
			name = "DBKit Resources";
			sourceTree = "<group>";
		};
		FB264426151C5C2A0083AFA4 /* NumPad */ = {
			isa = PBXGroup;
			children = (
				FB264452151C60100083AFA4 /* backspaceButton.png */,
				FB264453151C60100083AFA4 /* backspaceButton@2x.png */,
				FB264454151C60100083AFA4 /* backspaceButtonSelected.png */,
				FB264455151C60100083AFA4 /* backspaceButtonSelected@2x.png */,
				FB264456151C60100083AFA4 /* numberPadBackdrop.png */,
				FB264457151C60100083AFA4 /* numberPadBackdrop@2x.png */,
				FB264458151C60100083AFA4 /* plainButton.png */,
				FB264459151C60100083AFA4 /* plainButton@2x.png */,
				FB264451151C5FE10083AFA4 /* DBNumberPadInputView.xib */,
			);
			name = NumPad;
			sourceTree = "<group>";
		};
		FB264445151C5E9E0083AFA4 /* Formatters */ = {
			isa = PBXGroup;
			children = (
				FB26444D151C5F4E0083AFA4 /* DBNumberFormatting.h */,
				FB26444E151C5F4E0083AFA4 /* DBNumberFormatting.m */,
			);
			name = Formatters;
			sourceTree = "<group>";
		};
		FBA82D82151BE382006E1554 /* Macros */ = {
			isa = PBXGroup;
			children = (
				FBCDE2E7151BDED900AA67E3 /* DBMacros.h */,
			);
			name = Macros;
			sourceTree = "<group>";
		};
		FBCDE2B0151BD9AC00AA67E3 = {
			isa = PBXGroup;
			children = (
				FBCDE2C0151BD9AC00AA67E3 /* DBKit */,
				FB2643D5151C556C0083AFA4 /* DBKitCoreData */,
				FBCDE2BD151BD9AC00AA67E3 /* Frameworks */,
				FBCDE2BC151BD9AC00AA67E3 /* Products */,
			);
			sourceTree = "<group>";
		};
		FBCDE2BC151BD9AC00AA67E3 /* Products */ = {
			isa = PBXGroup;
			children = (
				FBCDE2BB151BD9AC00AA67E3 /* libDBKit.a */,
				FB2643BE151C54B00083AFA4 /* libDBKitCoreData.a */,
			);
			name = Products;
			sourceTree = "<group>";
		};
		FBCDE2BD151BD9AC00AA67E3 /* Frameworks */ = {
			isa = PBXGroup;
			children = (
				FB26441D151C59530083AFA4 /* QuartzCore.framework */,
				FBA82D87151BE3CD006E1554 /* UIKit.framework */,
				FBCDE2BE151BD9AC00AA67E3 /* Foundation.framework */,
			);
			name = Frameworks;
			sourceTree = "<group>";
		};
		FBCDE2C0151BD9AC00AA67E3 /* DBKit */ = {
			isa = PBXGroup;
			children = (
				FBCDE2C3151BD9AC00AA67E3 /* DBKit.h */,
				FBCDE305151BE11B00AA67E3 /* DBCategories.h */,
				FBA82D82151BE382006E1554 /* Macros */,
				FBCDE302151BDF1400AA67E3 /* Categories */,
				FBCDE307151BE14600AA67E3 /* Cells */,
				FBCDE2FF151BDEDE00AA67E3 /* Views */,
				FB264445151C5E9E0083AFA4 /* Formatters */,
				FB264424151C5C1C0083AFA4 /* DBKit Resources */,
				FBCDE2C1151BD9AC00AA67E3 /* Supporting Files */,
			);
			path = DBKit;
			sourceTree = "<group>";
		};
		FBCDE2C1151BD9AC00AA67E3 /* Supporting Files */ = {
			isa = PBXGroup;
			children = (
				FBCDE2C2151BD9AC00AA67E3 /* DBKit-Prefix.pch */,
			);
			name = "Supporting Files";
			sourceTree = "<group>";
		};
		FBCDE2FF151BDEDE00AA67E3 /* Views */ = {
			isa = PBXGroup;
			children = (
				FB264430151C5E620083AFA4 /* DBNumberPadInputView.h */,
				FB264431151C5E620083AFA4 /* DBNumberPadInputView.m */,
				FB264428151C5E2C0083AFA4 /* DBDecimalTextField.h */,
				FB264429151C5E2C0083AFA4 /* DBDecimalTextField.m */,
				FB26447A151C62C80083AFA4 /* DBPercentDecimalTextField.h */,
				FB26447B151C62C80083AFA4 /* DBPercentDecimalTextField.m */,
				FB26442A151C5E2C0083AFA4 /* DBMonetaryTextField.h */,
				FB26442B151C5E2C0083AFA4 /* DBMonetaryTextField.m */,
				FBCDE2EC151BDED900AA67E3 /* DBViewWithNibLayout.h */,
				FBCDE2ED151BDED900AA67E3 /* DBViewWithNibLayout.m */,
			);
			name = Views;
			sourceTree = "<group>";
		};
		FBCDE302151BDF1400AA67E3 /* Categories */ = {
			isa = PBXGroup;
			children = (
				FBCDE2EE151BDED900AA67E3 /* UIView+position.h */,
				FBCDE2EF151BDED900AA67E3 /* UIView+position.m */,
				FB14C471154F2090009F24BD /* NSTimer+Blocks.h */,
				FB14C472154F2090009F24BD /* NSTimer+Blocks.m */,
				FB34B69E154F3DD500E7AE65 /* UIFont+LogFontNames.h */,
				FB34B69F154F3DD500E7AE65 /* UIFont+LogFontNames.m */,
			);
			name = Categories;
			sourceTree = "<group>";
		};
		FBCDE307151BE14600AA67E3 /* Cells */ = {
			isa = PBXGroup;
			children = (
				FBCDE2E8151BDED900AA67E3 /* DBNibTableViewCell.h */,
				FBCDE2E9151BDED900AA67E3 /* DBNibTableViewCell.m */,
				FBCDE2EA151BDED900AA67E3 /* DBTableViewCell.h */,
				FBCDE2EB151BDED900AA67E3 /* DBTableViewCell.m */,
			);
			name = Cells;
			sourceTree = "<group>";
		};
/* End PBXGroup section */

/* Begin PBXHeadersBuildPhase section */
		FB2643BC151C54B00083AFA4 /* Headers */ = {
			isa = PBXHeadersBuildPhase;
			buildActionMask = 2147483647;
			files = (
				FB2643CC151C54F00083AFA4 /* DBCoreData.h in Headers */,
				FB7AA85815C8F6930073FCBC /* NSManagedObjectContext+SSDataKitAdditions.h in Headers */,
				FB7AA85915C8F6930073FCBC /* SSFilterableFetchedResultsController.h in Headers */,
				FB7AA85B15C8F6930073FCBC /* SSFilteredResultsFilter.h in Headers */,
				FB7AA85D15C8F6930073FCBC /* SSFilteredResultsSection.h in Headers */,
				FB7AA85F15C8F6930073FCBC /* SSManagedObject.h in Headers */,
				FB7AA86115C8F6930073FCBC /* SSManagedTableViewController.h in Headers */,
				FB7AA86315C8F6930073FCBC /* SSManagedViewController.h in Headers */,
				FB7AA86515C8F6930073FCBC /* SSRemoteManagedObject.h in Headers */,
			);
			runOnlyForDeploymentPostprocessing = 0;
		};
		FBCDE2B9151BD9AC00AA67E3 /* Headers */ = {
			isa = PBXHeadersBuildPhase;
			buildActionMask = 2147483647;
			files = (
				FBCDE2F4151BDED900AA67E3 /* DBMacros.h in Headers */,
				FBCDE2F5151BDED900AA67E3 /* DBNibTableViewCell.h in Headers */,
				FBCDE2F7151BDED900AA67E3 /* DBTableViewCell.h in Headers */,
				FBCDE2F9151BDED900AA67E3 /* DBViewWithNibLayout.h in Headers */,
				FBCDE2FB151BDED900AA67E3 /* UIView+position.h in Headers */,
				FBCDE306151BE11B00AA67E3 /* DBCategories.h in Headers */,
				FB2642EA151C3FEF0083AFA4 /* DBKit.h in Headers */,
				FB26442C151C5E2C0083AFA4 /* DBDecimalTextField.h in Headers */,
				FB26442E151C5E2C0083AFA4 /* DBMonetaryTextField.h in Headers */,
				FB264446151C5EE00083AFA4 /* DBNumberPadInputView.h in Headers */,
				FB26444F151C5F4E0083AFA4 /* DBNumberFormatting.h in Headers */,
				FB26447C151C62C80083AFA4 /* DBPercentDecimalTextField.h in Headers */,
				FB14C473154F2090009F24BD /* NSTimer+Blocks.h in Headers */,
				FB34B6A0154F3DD500E7AE65 /* UIFont+LogFontNames.h in Headers */,
			);
			runOnlyForDeploymentPostprocessing = 0;
		};
/* End PBXHeadersBuildPhase section */

/* Begin PBXNativeTarget section */
		FB2643BD151C54B00083AFA4 /* DBKitCoreData */ = {
			isa = PBXNativeTarget;
			buildConfigurationList = FB2643C8151C54B00083AFA4 /* Build configuration list for PBXNativeTarget "DBKitCoreData" */;
			buildPhases = (
				FB2643BA151C54B00083AFA4 /* Sources */,
				FB2643BB151C54B00083AFA4 /* Frameworks */,
				FB2643BC151C54B00083AFA4 /* Headers */,
			);
			buildRules = (
			);
			dependencies = (
			);
			name = DBKitCoreData;
			productName = DBKitCoreData;
			productReference = FB2643BE151C54B00083AFA4 /* libDBKitCoreData.a */;
			productType = "com.apple.product-type.library.static";
		};
		FBCDE2BA151BD9AC00AA67E3 /* DBKit */ = {
			isa = PBXNativeTarget;
			buildConfigurationList = FBCDE2DF151BD9AC00AA67E3 /* Build configuration list for PBXNativeTarget "DBKit" */;
			buildPhases = (
				FBCDE2B7151BD9AC00AA67E3 /* Sources */,
				FBCDE2B8151BD9AC00AA67E3 /* Frameworks */,
				FBCDE2B9151BD9AC00AA67E3 /* Headers */,
			);
			buildRules = (
			);
			dependencies = (
			);
			name = DBKit;
			productName = DBKit;
			productReference = FBCDE2BB151BD9AC00AA67E3 /* libDBKit.a */;
			productType = "com.apple.product-type.library.static";
		};
/* End PBXNativeTarget section */

/* Begin PBXProject section */
		FBCDE2B2151BD9AC00AA67E3 /* Project object */ = {
			isa = PBXProject;
			attributes = {
				LastUpgradeCheck = 0430;
				ORGANIZATIONNAME = "David Barry";
			};
			buildConfigurationList = FBCDE2B5151BD9AC00AA67E3 /* Build configuration list for PBXProject "DBKit" */;
			compatibilityVersion = "Xcode 3.2";
			developmentRegion = English;
			hasScannedForEncodings = 0;
			knownRegions = (
				en,
			);
			mainGroup = FBCDE2B0151BD9AC00AA67E3;
			productRefGroup = FBCDE2BC151BD9AC00AA67E3 /* Products */;
			projectDirPath = "";
			projectRoot = "";
			targets = (
				FBCDE2BA151BD9AC00AA67E3 /* DBKit */,
				FB2643BD151C54B00083AFA4 /* DBKitCoreData */,
			);
		};
/* End PBXProject section */

/* Begin PBXSourcesBuildPhase section */
		FB2643BA151C54B00083AFA4 /* Sources */ = {
			isa = PBXSourcesBuildPhase;
			buildActionMask = 2147483647;
			files = (
				FB7AA85A15C8F6930073FCBC /* SSFilterableFetchedResultsController.m in Sources */,
				FB7AA85C15C8F6930073FCBC /* SSFilteredResultsFilter.m in Sources */,
				FB7AA85E15C8F6930073FCBC /* SSFilteredResultsSection.m in Sources */,
				FB7AA86015C8F6930073FCBC /* SSManagedObject.m in Sources */,
				FB7AA86215C8F6930073FCBC /* SSManagedTableViewController.m in Sources */,
				FB7AA86415C8F6930073FCBC /* SSManagedViewController.m in Sources */,
				FB7AA86615C8F6930073FCBC /* SSRemoteManagedObject.m in Sources */,
				FB7AA86815C8F6B10073FCBC /* NSManagedObjectContext+SSDataKitAdditions.m in Sources */,
			);
			runOnlyForDeploymentPostprocessing = 0;
		};
		FBCDE2B7151BD9AC00AA67E3 /* Sources */ = {
			isa = PBXSourcesBuildPhase;
			buildActionMask = 2147483647;
			files = (
				FBCDE2F6151BDED900AA67E3 /* DBNibTableViewCell.m in Sources */,
				FBCDE2F8151BDED900AA67E3 /* DBTableViewCell.m in Sources */,
				FBCDE2FA151BDED900AA67E3 /* DBViewWithNibLayout.m in Sources */,
				FBCDE2FC151BDED900AA67E3 /* UIView+position.m in Sources */,
				FB26442D151C5E2C0083AFA4 /* DBDecimalTextField.m in Sources */,
				FB26442F151C5E2C0083AFA4 /* DBMonetaryTextField.m in Sources */,
				FB264447151C5EE70083AFA4 /* DBNumberPadInputView.m in Sources */,
				FB264450151C5F4E0083AFA4 /* DBNumberFormatting.m in Sources */,
				FB26447D151C62C80083AFA4 /* DBPercentDecimalTextField.m in Sources */,
				FB14C474154F2090009F24BD /* NSTimer+Blocks.m in Sources */,
				FB34B6A1154F3DD500E7AE65 /* UIFont+LogFontNames.m in Sources */,
			);
			runOnlyForDeploymentPostprocessing = 0;
		};
/* End PBXSourcesBuildPhase section */

/* Begin XCBuildConfiguration section */
		FB2643C6151C54B00083AFA4 /* Debug */ = {
			isa = XCBuildConfiguration;
			buildSettings = {
				DSTROOT = /tmp/DBKitCoreData.dst;
				GCC_PRECOMPILE_PREFIX_HEADER = YES;
				GCC_PREFIX_HEADER = "DBKitCoreData/DBKitCoreData-Prefix.pch";
				OTHER_LDFLAGS = "-ObjC";
				PRODUCT_NAME = "$(TARGET_NAME)";
				PUBLIC_HEADERS_FOLDER_PATH = "include/$(TARGET_NAME)";
				SKIP_INSTALL = YES;
			};
			name = Debug;
		};
		FB2643C7151C54B00083AFA4 /* Release */ = {
			isa = XCBuildConfiguration;
			buildSettings = {
				DSTROOT = /tmp/DBKitCoreData.dst;
				GCC_PRECOMPILE_PREFIX_HEADER = YES;
				GCC_PREFIX_HEADER = "DBKitCoreData/DBKitCoreData-Prefix.pch";
				OTHER_LDFLAGS = "-ObjC";
				PRODUCT_NAME = "$(TARGET_NAME)";
				PUBLIC_HEADERS_FOLDER_PATH = "include/$(TARGET_NAME)";
				SKIP_INSTALL = YES;
			};
			name = Release;
		};
		FB26440F151C58C50083AFA4 /* Beta */ = {
			isa = XCBuildConfiguration;
			buildSettings = {
				ALWAYS_SEARCH_USER_PATHS = NO;
				ARCHS = "$(ARCHS_STANDARD_32_BIT)";
				CLANG_ENABLE_OBJC_ARC = YES;
				COPY_PHASE_STRIP = YES;
				GCC_C_LANGUAGE_STANDARD = gnu99;
				GCC_VERSION = com.apple.compilers.llvm.clang.1_0;
				GCC_WARN_ABOUT_RETURN_TYPE = YES;
				GCC_WARN_UNINITIALIZED_AUTOS = YES;
				GCC_WARN_UNUSED_VARIABLE = YES;
				INSTALL_PATH = "$(BUILT_PRODUCTS_DIR)";
				IPHONEOS_DEPLOYMENT_TARGET = 5.1;
				PUBLIC_HEADERS_FOLDER_PATH = "$(TARGET_NAME)";
				SDKROOT = iphoneos;
				SKIP_INSTALL = YES;
				VALIDATE_PRODUCT = YES;
			};
			name = Beta;
		};
		FB264410151C58C50083AFA4 /* Beta */ = {
			isa = XCBuildConfiguration;
			buildSettings = {
				DSTROOT = /tmp/DBKit.dst;
				GCC_PRECOMPILE_PREFIX_HEADER = YES;
				GCC_PREFIX_HEADER = "DBKit/DBKit-Prefix.pch";
				OTHER_LDFLAGS = "-ObjC";
				PRODUCT_NAME = "$(TARGET_NAME)";
				PUBLIC_HEADERS_FOLDER_PATH = "include/$(TARGET_NAME)";
				SKIP_INSTALL = YES;
			};
			name = Beta;
		};
		FB264411151C58C50083AFA4 /* Beta */ = {
			isa = XCBuildConfiguration;
			buildSettings = {
				DSTROOT = /tmp/DBKitCoreData.dst;
				GCC_PRECOMPILE_PREFIX_HEADER = YES;
				GCC_PREFIX_HEADER = "DBKitCoreData/DBKitCoreData-Prefix.pch";
				OTHER_LDFLAGS = "-ObjC";
				PRODUCT_NAME = "$(TARGET_NAME)";
				PUBLIC_HEADERS_FOLDER_PATH = "include/$(TARGET_NAME)";
				SKIP_INSTALL = YES;
			};
			name = Beta;
		};
		FBCDE2DD151BD9AC00AA67E3 /* Debug */ = {
			isa = XCBuildConfiguration;
			buildSettings = {
				ALWAYS_SEARCH_USER_PATHS = NO;
				ARCHS = "$(ARCHS_STANDARD_32_BIT)";
				CLANG_ENABLE_OBJC_ARC = YES;
				COPY_PHASE_STRIP = NO;
				GCC_C_LANGUAGE_STANDARD = gnu99;
				GCC_DYNAMIC_NO_PIC = NO;
				GCC_OPTIMIZATION_LEVEL = 0;
				GCC_PREPROCESSOR_DEFINITIONS = (
					"DEBUG=1",
					"$(inherited)",
				);
				GCC_SYMBOLS_PRIVATE_EXTERN = NO;
				GCC_VERSION = com.apple.compilers.llvm.clang.1_0;
				GCC_WARN_ABOUT_RETURN_TYPE = YES;
				GCC_WARN_UNINITIALIZED_AUTOS = YES;
				GCC_WARN_UNUSED_VARIABLE = YES;
				INSTALL_PATH = "$(BUILT_PRODUCTS_DIR)";
				IPHONEOS_DEPLOYMENT_TARGET = 5.1;
				PUBLIC_HEADERS_FOLDER_PATH = "$(TARGET_NAME)";
				SDKROOT = iphoneos;
				SKIP_INSTALL = YES;
			};
			name = Debug;
		};
		FBCDE2DE151BD9AC00AA67E3 /* Release */ = {
			isa = XCBuildConfiguration;
			buildSettings = {
				ALWAYS_SEARCH_USER_PATHS = NO;
				ARCHS = "$(ARCHS_STANDARD_32_BIT)";
				CLANG_ENABLE_OBJC_ARC = YES;
				COPY_PHASE_STRIP = YES;
				GCC_C_LANGUAGE_STANDARD = gnu99;
				GCC_VERSION = com.apple.compilers.llvm.clang.1_0;
				GCC_WARN_ABOUT_RETURN_TYPE = YES;
				GCC_WARN_UNINITIALIZED_AUTOS = YES;
				GCC_WARN_UNUSED_VARIABLE = YES;
				INSTALL_PATH = "$(BUILT_PRODUCTS_DIR)";
				IPHONEOS_DEPLOYMENT_TARGET = 5.1;
				PUBLIC_HEADERS_FOLDER_PATH = "$(TARGET_NAME)";
				SDKROOT = iphoneos;
				SKIP_INSTALL = YES;
				VALIDATE_PRODUCT = YES;
			};
			name = Release;
		};
		FBCDE2E0151BD9AC00AA67E3 /* Debug */ = {
			isa = XCBuildConfiguration;
			buildSettings = {
				DSTROOT = /tmp/DBKit.dst;
				GCC_PRECOMPILE_PREFIX_HEADER = YES;
				GCC_PREFIX_HEADER = "DBKit/DBKit-Prefix.pch";
				OTHER_LDFLAGS = "-ObjC";
				PRODUCT_NAME = "$(TARGET_NAME)";
				PUBLIC_HEADERS_FOLDER_PATH = "include/$(TARGET_NAME)";
				SKIP_INSTALL = YES;
			};
			name = Debug;
		};
		FBCDE2E1151BD9AC00AA67E3 /* Release */ = {
			isa = XCBuildConfiguration;
			buildSettings = {
				DSTROOT = /tmp/DBKit.dst;
				GCC_PRECOMPILE_PREFIX_HEADER = YES;
				GCC_PREFIX_HEADER = "DBKit/DBKit-Prefix.pch";
				OTHER_LDFLAGS = "-ObjC";
				PRODUCT_NAME = "$(TARGET_NAME)";
				PUBLIC_HEADERS_FOLDER_PATH = "include/$(TARGET_NAME)";
				SKIP_INSTALL = YES;
			};
			name = Release;
		};
/* End XCBuildConfiguration section */

/* Begin XCConfigurationList section */
		FB2643C8151C54B00083AFA4 /* Build configuration list for PBXNativeTarget "DBKitCoreData" */ = {
			isa = XCConfigurationList;
			buildConfigurations = (
				FB2643C6151C54B00083AFA4 /* Debug */,
				FB2643C7151C54B00083AFA4 /* Release */,
				FB264411151C58C50083AFA4 /* Beta */,
			);
			defaultConfigurationIsVisible = 0;
			defaultConfigurationName = Release;
		};
		FBCDE2B5151BD9AC00AA67E3 /* Build configuration list for PBXProject "DBKit" */ = {
			isa = XCConfigurationList;
			buildConfigurations = (
				FBCDE2DD151BD9AC00AA67E3 /* Debug */,
				FBCDE2DE151BD9AC00AA67E3 /* Release */,
				FB26440F151C58C50083AFA4 /* Beta */,
			);
			defaultConfigurationIsVisible = 0;
			defaultConfigurationName = Release;
		};
		FBCDE2DF151BD9AC00AA67E3 /* Build configuration list for PBXNativeTarget "DBKit" */ = {
			isa = XCConfigurationList;
			buildConfigurations = (
				FBCDE2E0151BD9AC00AA67E3 /* Debug */,
				FBCDE2E1151BD9AC00AA67E3 /* Release */,
				FB264410151C58C50083AFA4 /* Beta */,
			);
			defaultConfigurationIsVisible = 0;
			defaultConfigurationName = Release;
		};
/* End XCConfigurationList section */
	};
	rootObject = FBCDE2B2151BD9AC00AA67E3 /* Project object */;
}
